
Microsoft Visual Studio Solution File, Format Version 12.00
# Visual Studio Version 17
VisualStudioVersion = 17.6.33723.286
MinimumVisualStudioVersion = 10.0.40219.1
Project("{9A19103F-16F7-4668-BE54-9A1E7A4F7556}") = "01. Hello SoftUni", "ProgrammingBasicsCSharp\FirstStepsInCoding\Lab\01. Hello SoftUni\01. Hello SoftUni.csproj", "{C85B48D6-3EAF-401C-8B82-EF1A9A0E2585}"
EndProject
Project("{2150E333-8FDC-42A3-9474-1A3956D46DE8}") = "ConditionalStatements", "ConditionalStatements", "{1117CFB0-BE90-411B-91C5-212CD1D6226A}"
EndProject
Project("{2150E333-8FDC-42A3-9474-1A3956D46DE8}") = "ForLoop", "ForLoop", "{4B8821A1-229B-4AC4-B89C-F9AE14998C75}"
EndProject
Project("{2150E333-8FDC-42A3-9474-1A3956D46DE8}") = "WhileLoop", "WhileLoop", "{A6C65A4F-5029-486D-B153-8B6E4D4A25C9}"
EndProject
Project("{2150E333-8FDC-42A3-9474-1A3956D46DE8}") = "ConditionStatementsAdvanced", "ConditionStatementsAdvanced", "{18960EB8-DBD6-4F5E-96C1-9C7F27E3AE58}"
EndProject
Project("{2150E333-8FDC-42A3-9474-1A3956D46DE8}") = "NestedLoops", "NestedLoops", "{413E4990-F2AA-45E0-B254-86D0831168ED}"
EndProject
Project("{2150E333-8FDC-42A3-9474-1A3956D46DE8}") = "FirstStepsInCoding", "FirstStepsInCoding", "{A0E71611-D7EA-4FA7-BCC5-FAB6C2C163F4}"
EndProject
Project("{2150E333-8FDC-42A3-9474-1A3956D46DE8}") = "DrawingFiguresWithLoops", "DrawingFiguresWithLoops", "{F3FF082B-698B-4665-9B22-54EC0FA2D100}"
EndProject
Project("{2150E333-8FDC-42A3-9474-1A3956D46DE8}") = "ProgrammingBasicsCSharp", "ProgrammingBasicsCSharp", "{D7C4FF0E-CB83-47C2-944F-0C68CF6C1BB2}"
EndProject
Project("{2150E333-8FDC-42A3-9474-1A3956D46DE8}") = "Lab", "Lab", "{683E42AD-7E8F-4212-B06E-40BB49F24B75}"
EndProject
Project("{2150E333-8FDC-42A3-9474-1A3956D46DE8}") = "MoreExercises", "MoreExercises", "{0FF3284E-28F9-4123-92E6-0D0C8CA00D9E}"
EndProject
Project("{2150E333-8FDC-42A3-9474-1A3956D46DE8}") = "Exercises", "Exercises", "{1ED8F5C2-C618-4D01-BFF6-0A0A5151897F}"
EndProject
Project("{2150E333-8FDC-42A3-9474-1A3956D46DE8}") = "FundamentalsCSharp", "FundamentalsCSharp", "{0E32CC65-54E6-4E08-B434-D5E85D2021B7}"
EndProject
Project("{2150E333-8FDC-42A3-9474-1A3956D46DE8}") = "Arrays", "Arrays", "{9A3F9CB5-BC77-46F7-992F-1D8A3789294A}"
EndProject
Project("{2150E333-8FDC-42A3-9474-1A3956D46DE8}") = "BasicSyntaxConditionalStatementsAndLoops", "BasicSyntaxConditionalStatementsAndLoops", "{5465FD1B-7E06-453A-91F6-94EAD8E68BF0}"
EndProject
Project("{2150E333-8FDC-42A3-9474-1A3956D46DE8}") = "DataTypesAndVariables", "DataTypesAndVariables", "{D3273378-3CB7-410A-B82B-A5011374B6C6}"
EndProject
Project("{2150E333-8FDC-42A3-9474-1A3956D46DE8}") = "Methods", "Methods", "{70A9926F-5783-461A-AA2F-C3F3443310AD}"
EndProject
Project("{2150E333-8FDC-42A3-9474-1A3956D46DE8}") = "Lab", "Lab", "{5E8D66A0-7068-468F-A088-659079EEAFD2}"
EndProject
Project("{FAE04EC0-301F-11D3-BF4B-00C04F79EFBC}") = "01. Sign of Integer Numbers", "FundamentalsCSharp\Methods\Lab\01. Sign of Integer Numbers\01. Sign of Integer Numbers.csproj", "{4C1669FB-B1A0-4912-95A7-2F00A64A8285}"
EndProject
Project("{FAE04EC0-301F-11D3-BF4B-00C04F79EFBC}") = "02. Grades", "FundamentalsCSharp\Methods\Lab\02. Grades\02. Grades.csproj", "{CB2A6632-DF91-4B7D-A8E1-90BF10CB985B}"
EndProject
Project("{FAE04EC0-301F-11D3-BF4B-00C04F79EFBC}") = "03. Calculations", "FundamentalsCSharp\Methods\Lab\03. Calculations\03. Calculations.csproj", "{24E96AE5-5E19-4910-8A6D-121FB2B75F7A}"
EndProject
Project("{FAE04EC0-301F-11D3-BF4B-00C04F79EFBC}") = "04. Printing Triangle", "FundamentalsCSharp\Methods\Lab\04. Printing Triangle\04. Printing Triangle.csproj", "{03C5A2CA-22DE-4F79-AC42-F6DD2D1FA948}"
EndProject
Project("{FAE04EC0-301F-11D3-BF4B-00C04F79EFBC}") = "05. Orders", "FundamentalsCSharp\Methods\Lab\05. Orders\05. Orders.csproj", "{E5462DF1-5266-417B-908D-D1CD0B8856E3}"
EndProject
Project("{FAE04EC0-301F-11D3-BF4B-00C04F79EFBC}") = "06. Calculate Rectangle Area", "FundamentalsCSharp\Methods\Lab\06. Calculate Rectangle Area\06. Calculate Rectangle Area.csproj", "{35FCFD68-C72B-4E0C-8BFB-016083266C1A}"
EndProject
Project("{FAE04EC0-301F-11D3-BF4B-00C04F79EFBC}") = "07. Repeat String", "FundamentalsCSharp\Methods\Lab\07. Repeat String\07. Repeat String.csproj", "{F9E4AC4F-475C-43DC-AF47-4DD5023A994C}"
EndProject
Project("{FAE04EC0-301F-11D3-BF4B-00C04F79EFBC}") = "08. Math Power", "FundamentalsCSharp\Methods\Lab\08. Math Power\08. Math Power.csproj", "{A948B195-C30D-4DDD-84C3-415F7162E4A2}"
EndProject
Project("{FAE04EC0-301F-11D3-BF4B-00C04F79EFBC}") = "09. Greater of Two Values", "FundamentalsCSharp\Methods\Lab\09. Greater of Two Values\09. Greater of Two Values.csproj", "{F0B254BB-E9D4-43AF-AC07-B1538CD56613}"
EndProject
Project("{FAE04EC0-301F-11D3-BF4B-00C04F79EFBC}") = "10. Multiply Evens by Odds", "FundamentalsCSharp\Methods\Lab\10. Multiply Evens by Odds\10. Multiply Evens by Odds.csproj", "{3A5B3733-FD0D-4A37-9543-735B036984C0}"
EndProject
Project("{FAE04EC0-301F-11D3-BF4B-00C04F79EFBC}") = "11. Math operations", "FundamentalsCSharp\Methods\Lab\11. Math operations\11. Math operations.csproj", "{E8517A78-8C0A-4888-B6AC-8ABAD398B6FB}"
EndProject
Project("{2150E333-8FDC-42A3-9474-1A3956D46DE8}") = "Exercise", "Exercise", "{80B7AF65-708B-4102-BAB3-5E4652D13D9E}"
EndProject
Project("{2150E333-8FDC-42A3-9474-1A3956D46DE8}") = "MoreExercises", "MoreExercises", "{EBA19E9E-2007-47BC-B04C-A60DB140F168}"
EndProject
Project("{2150E333-8FDC-42A3-9474-1A3956D46DE8}") = "MoreExercises", "MoreExercises", "{D44C74CE-A2A4-4BF3-B75C-BBB2357D9806}"
EndProject
Project("{2150E333-8FDC-42A3-9474-1A3956D46DE8}") = "Exercises", "Exercises", "{7AEB55AB-2D7A-4E2A-94D5-FC554651CBFC}"
EndProject
Project("{2150E333-8FDC-42A3-9474-1A3956D46DE8}") = "Lab", "Lab", "{FBC5FB18-4D26-451C-81A4-F20A92684236}"
EndProject
Project("{2150E333-8FDC-42A3-9474-1A3956D46DE8}") = "MoreExercises", "MoreExercises", "{1ABA859E-9EED-45C1-B2F0-F83102AEFB4C}"
EndProject
Project("{2150E333-8FDC-42A3-9474-1A3956D46DE8}") = "Lab", "Lab", "{B67F7AD5-5324-40D0-9CC7-FAB310D456FB}"
EndProject
Project("{2150E333-8FDC-42A3-9474-1A3956D46DE8}") = "Exercises", "Exercises", "{846DED2A-77D8-48F1-BA21-1801A25EA345}"
EndProject
Project("{2150E333-8FDC-42A3-9474-1A3956D46DE8}") = "Exercises", "Exercises", "{133EE446-DB36-4CAB-A7C9-8122D196CF09}"
EndProject
Project("{2150E333-8FDC-42A3-9474-1A3956D46DE8}") = "Lab", "Lab", "{135E8C19-EF78-454E-9D92-94BBC93994DF}"
EndProject
Project("{2150E333-8FDC-42A3-9474-1A3956D46DE8}") = "MoreExercises", "MoreExercises", "{A27EC3B3-BF55-4612-B293-F96BBD2C3610}"
EndProject
Project("{2150E333-8FDC-42A3-9474-1A3956D46DE8}") = "MoreExercises", "MoreExercises", "{529DAB61-C9DF-4A4A-BF9B-C47C207C74DA}"
EndProject
Project("{2150E333-8FDC-42A3-9474-1A3956D46DE8}") = "MoreExercises", "MoreExercises", "{4EACA324-0140-4BF5-A556-C9A65030E4C8}"
EndProject
Project("{2150E333-8FDC-42A3-9474-1A3956D46DE8}") = "MoreExercises", "MoreExercises", "{57BBEC33-2A19-4223-81E2-802D29881A12}"
EndProject
Project("{2150E333-8FDC-42A3-9474-1A3956D46DE8}") = "MoreExercises", "MoreExercises", "{43AA63F0-E2C5-4C4D-8245-537FEB698DC5}"
EndProject
Project("{2150E333-8FDC-42A3-9474-1A3956D46DE8}") = "MoreExercises", "MoreExercises", "{2890ADAF-D421-4724-BB73-F1BA6B1E25E8}"
EndProject
Project("{2150E333-8FDC-42A3-9474-1A3956D46DE8}") = "Lab", "Lab", "{09866A31-147F-49C0-ACB0-1EA228933BC9}"
EndProject
Project("{2150E333-8FDC-42A3-9474-1A3956D46DE8}") = "Lab", "Lab", "{FD2F53F7-CB4A-47E3-B958-E1D9E80E88FF}"
EndProject
Project("{2150E333-8FDC-42A3-9474-1A3956D46DE8}") = "Lab", "Lab", "{C678D7FE-8D21-476E-B02B-D014A712E994}"
EndProject
Project("{2150E333-8FDC-42A3-9474-1A3956D46DE8}") = "Lab", "Lab", "{CD197272-9193-4B4B-8344-2F4DD218667B}"
EndProject
Project("{2150E333-8FDC-42A3-9474-1A3956D46DE8}") = "Lab", "Lab", "{15F6C804-A7E9-4B0B-973C-AD80F2E07ABD}"
EndProject
Project("{2150E333-8FDC-42A3-9474-1A3956D46DE8}") = "Exercise", "Exercise", "{4893DE5C-453B-4D6C-BBD0-57CEA7EEB33D}"
EndProject
Project("{2150E333-8FDC-42A3-9474-1A3956D46DE8}") = "Exercise", "Exercise", "{0BBCE608-6366-4059-BC37-D555ACB34F90}"
EndProject
Project("{2150E333-8FDC-42A3-9474-1A3956D46DE8}") = "Exercise", "Exercise", "{54CCCDFB-39D1-4520-B02E-638BF63E1DD5}"
EndProject
Project("{2150E333-8FDC-42A3-9474-1A3956D46DE8}") = "Exercise", "Exercise", "{B6ADC22D-9AC3-4A44-8B56-7566C51281B6}"
EndProject
Project("{2150E333-8FDC-42A3-9474-1A3956D46DE8}") = "Exercise", "Exercise", "{0F243FBC-3C73-483A-8B7B-4A1BB413070E}"
EndProject
Project("{9A19103F-16F7-4668-BE54-9A1E7A4F7556}") = "01. Day of Week", "FundamentalsCSharp\Arrays\Lab\01. Day of Week\01. Day of Week.csproj", "{8F4F5D7C-F22B-4D6A-A33E-5B8990CD3348}"
EndProject
Project("{9A19103F-16F7-4668-BE54-9A1E7A4F7556}") = "02. Print Numbers in Reverse Order", "FundamentalsCSharp\Arrays\Lab\02. Print Numbers in Reverse Order\02. Print Numbers in Reverse Order.csproj", "{5B3E835F-F497-4944-B9F3-D38C05AD9D28}"
EndProject
Project("{9A19103F-16F7-4668-BE54-9A1E7A4F7556}") = "03. Rounding Numbers", "FundamentalsCSharp\Arrays\Lab\03. Rounding Numbers\03. Rounding Numbers.csproj", "{94843E3B-3069-4CD8-B4D5-6C6A286D7ED4}"
EndProject
Project("{9A19103F-16F7-4668-BE54-9A1E7A4F7556}") = "04. Reverse Array of Strings", "FundamentalsCSharp\Arrays\Lab\04. Reverse Array of Strings\04. Reverse Array of Strings.csproj", "{91A3DEEB-63A1-4D80-9DBD-72263CB8A8D0}"
EndProject
Project("{9A19103F-16F7-4668-BE54-9A1E7A4F7556}") = "05. Sum Even Numbers", "FundamentalsCSharp\Arrays\Lab\05. Sum Even Numbers\05. Sum Even Numbers.csproj", "{E684773F-9932-40ED-BF3B-CF952759EC78}"
EndProject
Project("{9A19103F-16F7-4668-BE54-9A1E7A4F7556}") = "06. Even and Odd Subtraction", "FundamentalsCSharp\Arrays\Lab\06. Even and Odd Subtraction\06. Even and Odd Subtraction.csproj", "{556745A1-D35E-45D8-A85B-501C7BD0206F}"
EndProject
Project("{9A19103F-16F7-4668-BE54-9A1E7A4F7556}") = "07. Equal Arrays", "FundamentalsCSharp\Arrays\Lab\07. Equal Arrays\07. Equal Arrays.csproj", "{03E387C5-E3E4-4F84-AE98-8E870035DBAE}"
EndProject
Project("{9A19103F-16F7-4668-BE54-9A1E7A4F7556}") = "08. Condense Array to Number08. Condense Array to Number", "FundamentalsCSharp\Arrays\Lab\08. Condense Array to Number08. Condense Array to Number\08. Condense Array to Number08. Condense Array to Number.csproj", "{179AFE4F-C783-482A-A6F4-6E3F1ED88204}"
EndProject
Project("{9A19103F-16F7-4668-BE54-9A1E7A4F7556}") = "01. Train", "FundamentalsCSharp\Arrays\Exercise\01. Train\01. Train.csproj", "{4AA9FE5B-28AA-446B-A82A-D5B04E886017}"
EndProject
Project("{9A19103F-16F7-4668-BE54-9A1E7A4F7556}") = "02. Common Elements", "FundamentalsCSharp\Arrays\Exercise\02. Common Elements\02. Common Elements.csproj", "{D4601201-CCD6-468E-B901-EC3E7603A011}"
EndProject
Project("{9A19103F-16F7-4668-BE54-9A1E7A4F7556}") = "03. Zig-Zag Arrays", "FundamentalsCSharp\Arrays\Exercise\03. Zig-Zag Arrays\03. Zig-Zag Arrays.csproj", "{29F85A8B-1006-4916-80CD-8091AAA8A9B0}"
EndProject
Project("{9A19103F-16F7-4668-BE54-9A1E7A4F7556}") = "04. Array Rotation", "FundamentalsCSharp\Arrays\Exercise\04. Array Rotation\04. Array Rotation.csproj", "{8FE8E977-B951-4F2A-99F2-C33284F6F23F}"
EndProject
Project("{9A19103F-16F7-4668-BE54-9A1E7A4F7556}") = "05. Top Integers", "FundamentalsCSharp\Arrays\Exercise\05. Top Integers\05. Top Integers.csproj", "{F85F34B6-2B40-4672-BA12-FE214666E558}"
EndProject
Project("{9A19103F-16F7-4668-BE54-9A1E7A4F7556}") = "06. Equal Sum", "FundamentalsCSharp\Arrays\Exercise\06. Equal Sum\06. Equal Sum.csproj", "{AAE00A66-4F90-43FF-8DFB-E452473D670B}"
EndProject
Project("{9A19103F-16F7-4668-BE54-9A1E7A4F7556}") = "07. Max Sequence of Equal Elements", "FundamentalsCSharp\Arrays\Exercise\07. Max Sequence of Equal Elements\07. Max Sequence of Equal Elements.csproj", "{E8482FF0-2D27-4D77-949E-6CC1C7BD57DC}"
EndProject
Project("{9A19103F-16F7-4668-BE54-9A1E7A4F7556}") = "08. Magic Sum", "FundamentalsCSharp\Arrays\Exercise\08. Magic Sum\08. Magic Sum.csproj", "{5A4DED51-8F95-4887-8C80-F42AE57EB2DD}"
EndProject
Project("{9A19103F-16F7-4668-BE54-9A1E7A4F7556}") = "09. Kamino Factory", "FundamentalsCSharp\Arrays\Exercise\09. Kamino Factory\09. Kamino Factory.csproj", "{F8756CA5-3905-4BF9-BFF9-8618D10958DE}"
EndProject
Project("{9A19103F-16F7-4668-BE54-9A1E7A4F7556}") = "10. LadyBugs", "FundamentalsCSharp\Arrays\Exercise\10. LadyBugs\10. LadyBugs.csproj", "{642642A0-E619-4BC3-8B3F-41737CB3C957}"
EndProject
Project("{9A19103F-16F7-4668-BE54-9A1E7A4F7556}") = "01. Encrypt Sort and Print Array", "FundamentalsCSharp\Arrays\MoreExercises\01. Encrypt Sort and Print Array\01. Encrypt Sort and Print Array.csproj", "{2CAF4E3A-9694-446D-B635-A52067EC4057}"
EndProject
Project("{9A19103F-16F7-4668-BE54-9A1E7A4F7556}") = "02. Pascal Triangle", "FundamentalsCSharp\Arrays\MoreExercises\02. Pascal Triangle\02. Pascal Triangle.csproj", "{B988F748-EE42-4B26-88BA-FE159D7DE663}"
EndProject
Project("{9A19103F-16F7-4668-BE54-9A1E7A4F7556}") = "03. Recursive Fibonacci", "FundamentalsCSharp\Arrays\MoreExercises\03. Recursive Fibonacci\03. Recursive Fibonacci.csproj", "{DE141AA6-2D3E-4E40-AB6F-C1E38B55EAEE}"
EndProject
Project("{9A19103F-16F7-4668-BE54-9A1E7A4F7556}") = "04. Fold and Sum", "FundamentalsCSharp\Arrays\MoreExercises\04. Fold and Sum\04. Fold and Sum.csproj", "{19D6FA96-07B3-4955-B68C-078D5029F34B}"
EndProject
Project("{9A19103F-16F7-4668-BE54-9A1E7A4F7556}") = "05. Longest Increasing Subsequence", "FundamentalsCSharp\Arrays\MoreExercises\05. Longest Increasing Subsequence\05. Longest Increasing Subsequence.csproj", "{649C2AC7-69D3-4AA3-8992-288BAF62FDA4}"
EndProject
Global
	GlobalSection(SolutionConfigurationPlatforms) = preSolution
		Debug|Any CPU = Debug|Any CPU
		Release|Any CPU = Release|Any CPU
	EndGlobalSection
	GlobalSection(ProjectConfigurationPlatforms) = postSolution
		{C85B48D6-3EAF-401C-8B82-EF1A9A0E2585}.Debug|Any CPU.ActiveCfg = Debug|Any CPU
		{C85B48D6-3EAF-401C-8B82-EF1A9A0E2585}.Debug|Any CPU.Build.0 = Debug|Any CPU
		{C85B48D6-3EAF-401C-8B82-EF1A9A0E2585}.Release|Any CPU.ActiveCfg = Release|Any CPU
		{C85B48D6-3EAF-401C-8B82-EF1A9A0E2585}.Release|Any CPU.Build.0 = Release|Any CPU
		{4C1669FB-B1A0-4912-95A7-2F00A64A8285}.Debug|Any CPU.ActiveCfg = Debug|Any CPU
		{4C1669FB-B1A0-4912-95A7-2F00A64A8285}.Debug|Any CPU.Build.0 = Debug|Any CPU
		{4C1669FB-B1A0-4912-95A7-2F00A64A8285}.Release|Any CPU.ActiveCfg = Release|Any CPU
		{4C1669FB-B1A0-4912-95A7-2F00A64A8285}.Release|Any CPU.Build.0 = Release|Any CPU
		{CB2A6632-DF91-4B7D-A8E1-90BF10CB985B}.Debug|Any CPU.ActiveCfg = Debug|Any CPU
		{CB2A6632-DF91-4B7D-A8E1-90BF10CB985B}.Debug|Any CPU.Build.0 = Debug|Any CPU
		{CB2A6632-DF91-4B7D-A8E1-90BF10CB985B}.Release|Any CPU.ActiveCfg = Release|Any CPU
		{CB2A6632-DF91-4B7D-A8E1-90BF10CB985B}.Release|Any CPU.Build.0 = Release|Any CPU
		{24E96AE5-5E19-4910-8A6D-121FB2B75F7A}.Debug|Any CPU.ActiveCfg = Debug|Any CPU
		{24E96AE5-5E19-4910-8A6D-121FB2B75F7A}.Debug|Any CPU.Build.0 = Debug|Any CPU
		{24E96AE5-5E19-4910-8A6D-121FB2B75F7A}.Release|Any CPU.ActiveCfg = Release|Any CPU
		{24E96AE5-5E19-4910-8A6D-121FB2B75F7A}.Release|Any CPU.Build.0 = Release|Any CPU
		{03C5A2CA-22DE-4F79-AC42-F6DD2D1FA948}.Debug|Any CPU.ActiveCfg = Debug|Any CPU
		{03C5A2CA-22DE-4F79-AC42-F6DD2D1FA948}.Debug|Any CPU.Build.0 = Debug|Any CPU
		{03C5A2CA-22DE-4F79-AC42-F6DD2D1FA948}.Release|Any CPU.ActiveCfg = Release|Any CPU
		{03C5A2CA-22DE-4F79-AC42-F6DD2D1FA948}.Release|Any CPU.Build.0 = Release|Any CPU
		{E5462DF1-5266-417B-908D-D1CD0B8856E3}.Debug|Any CPU.ActiveCfg = Debug|Any CPU
		{E5462DF1-5266-417B-908D-D1CD0B8856E3}.Debug|Any CPU.Build.0 = Debug|Any CPU
		{E5462DF1-5266-417B-908D-D1CD0B8856E3}.Release|Any CPU.ActiveCfg = Release|Any CPU
		{E5462DF1-5266-417B-908D-D1CD0B8856E3}.Release|Any CPU.Build.0 = Release|Any CPU
		{35FCFD68-C72B-4E0C-8BFB-016083266C1A}.Debug|Any CPU.ActiveCfg = Debug|Any CPU
		{35FCFD68-C72B-4E0C-8BFB-016083266C1A}.Debug|Any CPU.Build.0 = Debug|Any CPU
		{35FCFD68-C72B-4E0C-8BFB-016083266C1A}.Release|Any CPU.ActiveCfg = Release|Any CPU
		{35FCFD68-C72B-4E0C-8BFB-016083266C1A}.Release|Any CPU.Build.0 = Release|Any CPU
		{F9E4AC4F-475C-43DC-AF47-4DD5023A994C}.Debug|Any CPU.ActiveCfg = Debug|Any CPU
		{F9E4AC4F-475C-43DC-AF47-4DD5023A994C}.Debug|Any CPU.Build.0 = Debug|Any CPU
		{F9E4AC4F-475C-43DC-AF47-4DD5023A994C}.Release|Any CPU.ActiveCfg = Release|Any CPU
		{F9E4AC4F-475C-43DC-AF47-4DD5023A994C}.Release|Any CPU.Build.0 = Release|Any CPU
		{A948B195-C30D-4DDD-84C3-415F7162E4A2}.Debug|Any CPU.ActiveCfg = Debug|Any CPU
		{A948B195-C30D-4DDD-84C3-415F7162E4A2}.Debug|Any CPU.Build.0 = Debug|Any CPU
		{A948B195-C30D-4DDD-84C3-415F7162E4A2}.Release|Any CPU.ActiveCfg = Release|Any CPU
		{A948B195-C30D-4DDD-84C3-415F7162E4A2}.Release|Any CPU.Build.0 = Release|Any CPU
		{F0B254BB-E9D4-43AF-AC07-B1538CD56613}.Debug|Any CPU.ActiveCfg = Debug|Any CPU
		{F0B254BB-E9D4-43AF-AC07-B1538CD56613}.Debug|Any CPU.Build.0 = Debug|Any CPU
		{F0B254BB-E9D4-43AF-AC07-B1538CD56613}.Release|Any CPU.ActiveCfg = Release|Any CPU
		{F0B254BB-E9D4-43AF-AC07-B1538CD56613}.Release|Any CPU.Build.0 = Release|Any CPU
		{3A5B3733-FD0D-4A37-9543-735B036984C0}.Debug|Any CPU.ActiveCfg = Debug|Any CPU
		{3A5B3733-FD0D-4A37-9543-735B036984C0}.Debug|Any CPU.Build.0 = Debug|Any CPU
		{3A5B3733-FD0D-4A37-9543-735B036984C0}.Release|Any CPU.ActiveCfg = Release|Any CPU
		{3A5B3733-FD0D-4A37-9543-735B036984C0}.Release|Any CPU.Build.0 = Release|Any CPU
		{E8517A78-8C0A-4888-B6AC-8ABAD398B6FB}.Debug|Any CPU.ActiveCfg = Debug|Any CPU
		{E8517A78-8C0A-4888-B6AC-8ABAD398B6FB}.Debug|Any CPU.Build.0 = Debug|Any CPU
		{E8517A78-8C0A-4888-B6AC-8ABAD398B6FB}.Release|Any CPU.ActiveCfg = Release|Any CPU
		{E8517A78-8C0A-4888-B6AC-8ABAD398B6FB}.Release|Any CPU.Build.0 = Release|Any CPU
		{8F4F5D7C-F22B-4D6A-A33E-5B8990CD3348}.Debug|Any CPU.ActiveCfg = Debug|Any CPU
		{8F4F5D7C-F22B-4D6A-A33E-5B8990CD3348}.Debug|Any CPU.Build.0 = Debug|Any CPU
		{8F4F5D7C-F22B-4D6A-A33E-5B8990CD3348}.Release|Any CPU.ActiveCfg = Release|Any CPU
		{8F4F5D7C-F22B-4D6A-A33E-5B8990CD3348}.Release|Any CPU.Build.0 = Release|Any CPU
		{5B3E835F-F497-4944-B9F3-D38C05AD9D28}.Debug|Any CPU.ActiveCfg = Debug|Any CPU
		{5B3E835F-F497-4944-B9F3-D38C05AD9D28}.Debug|Any CPU.Build.0 = Debug|Any CPU
		{5B3E835F-F497-4944-B9F3-D38C05AD9D28}.Release|Any CPU.ActiveCfg = Release|Any CPU
		{5B3E835F-F497-4944-B9F3-D38C05AD9D28}.Release|Any CPU.Build.0 = Release|Any CPU
		{94843E3B-3069-4CD8-B4D5-6C6A286D7ED4}.Debug|Any CPU.ActiveCfg = Debug|Any CPU
		{94843E3B-3069-4CD8-B4D5-6C6A286D7ED4}.Debug|Any CPU.Build.0 = Debug|Any CPU
		{94843E3B-3069-4CD8-B4D5-6C6A286D7ED4}.Release|Any CPU.ActiveCfg = Release|Any CPU
		{94843E3B-3069-4CD8-B4D5-6C6A286D7ED4}.Release|Any CPU.Build.0 = Release|Any CPU
		{91A3DEEB-63A1-4D80-9DBD-72263CB8A8D0}.Debug|Any CPU.ActiveCfg = Debug|Any CPU
		{91A3DEEB-63A1-4D80-9DBD-72263CB8A8D0}.Debug|Any CPU.Build.0 = Debug|Any CPU
		{91A3DEEB-63A1-4D80-9DBD-72263CB8A8D0}.Release|Any CPU.ActiveCfg = Release|Any CPU
		{91A3DEEB-63A1-4D80-9DBD-72263CB8A8D0}.Release|Any CPU.Build.0 = Release|Any CPU
		{E684773F-9932-40ED-BF3B-CF952759EC78}.Debug|Any CPU.ActiveCfg = Debug|Any CPU
		{E684773F-9932-40ED-BF3B-CF952759EC78}.Debug|Any CPU.Build.0 = Debug|Any CPU
		{E684773F-9932-40ED-BF3B-CF952759EC78}.Release|Any CPU.ActiveCfg = Release|Any CPU
		{E684773F-9932-40ED-BF3B-CF952759EC78}.Release|Any CPU.Build.0 = Release|Any CPU
		{556745A1-D35E-45D8-A85B-501C7BD0206F}.Debug|Any CPU.ActiveCfg = Debug|Any CPU
		{556745A1-D35E-45D8-A85B-501C7BD0206F}.Debug|Any CPU.Build.0 = Debug|Any CPU
		{556745A1-D35E-45D8-A85B-501C7BD0206F}.Release|Any CPU.ActiveCfg = Release|Any CPU
		{556745A1-D35E-45D8-A85B-501C7BD0206F}.Release|Any CPU.Build.0 = Release|Any CPU
		{03E387C5-E3E4-4F84-AE98-8E870035DBAE}.Debug|Any CPU.ActiveCfg = Debug|Any CPU
		{03E387C5-E3E4-4F84-AE98-8E870035DBAE}.Debug|Any CPU.Build.0 = Debug|Any CPU
		{03E387C5-E3E4-4F84-AE98-8E870035DBAE}.Release|Any CPU.ActiveCfg = Release|Any CPU
		{03E387C5-E3E4-4F84-AE98-8E870035DBAE}.Release|Any CPU.Build.0 = Release|Any CPU
		{179AFE4F-C783-482A-A6F4-6E3F1ED88204}.Debug|Any CPU.ActiveCfg = Debug|Any CPU
		{179AFE4F-C783-482A-A6F4-6E3F1ED88204}.Debug|Any CPU.Build.0 = Debug|Any CPU
		{179AFE4F-C783-482A-A6F4-6E3F1ED88204}.Release|Any CPU.ActiveCfg = Release|Any CPU
		{179AFE4F-C783-482A-A6F4-6E3F1ED88204}.Release|Any CPU.Build.0 = Release|Any CPU
		{4AA9FE5B-28AA-446B-A82A-D5B04E886017}.Debug|Any CPU.ActiveCfg = Debug|Any CPU
		{4AA9FE5B-28AA-446B-A82A-D5B04E886017}.Debug|Any CPU.Build.0 = Debug|Any CPU
		{4AA9FE5B-28AA-446B-A82A-D5B04E886017}.Release|Any CPU.ActiveCfg = Release|Any CPU
		{4AA9FE5B-28AA-446B-A82A-D5B04E886017}.Release|Any CPU.Build.0 = Release|Any CPU
		{D4601201-CCD6-468E-B901-EC3E7603A011}.Debug|Any CPU.ActiveCfg = Debug|Any CPU
		{D4601201-CCD6-468E-B901-EC3E7603A011}.Debug|Any CPU.Build.0 = Debug|Any CPU
		{D4601201-CCD6-468E-B901-EC3E7603A011}.Release|Any CPU.ActiveCfg = Release|Any CPU
		{D4601201-CCD6-468E-B901-EC3E7603A011}.Release|Any CPU.Build.0 = Release|Any CPU
		{29F85A8B-1006-4916-80CD-8091AAA8A9B0}.Debug|Any CPU.ActiveCfg = Debug|Any CPU
		{29F85A8B-1006-4916-80CD-8091AAA8A9B0}.Debug|Any CPU.Build.0 = Debug|Any CPU
		{29F85A8B-1006-4916-80CD-8091AAA8A9B0}.Release|Any CPU.ActiveCfg = Release|Any CPU
		{29F85A8B-1006-4916-80CD-8091AAA8A9B0}.Release|Any CPU.Build.0 = Release|Any CPU
		{8FE8E977-B951-4F2A-99F2-C33284F6F23F}.Debug|Any CPU.ActiveCfg = Debug|Any CPU
		{8FE8E977-B951-4F2A-99F2-C33284F6F23F}.Debug|Any CPU.Build.0 = Debug|Any CPU
		{8FE8E977-B951-4F2A-99F2-C33284F6F23F}.Release|Any CPU.ActiveCfg = Release|Any CPU
		{8FE8E977-B951-4F2A-99F2-C33284F6F23F}.Release|Any CPU.Build.0 = Release|Any CPU
		{F85F34B6-2B40-4672-BA12-FE214666E558}.Debug|Any CPU.ActiveCfg = Debug|Any CPU
		{F85F34B6-2B40-4672-BA12-FE214666E558}.Debug|Any CPU.Build.0 = Debug|Any CPU
		{F85F34B6-2B40-4672-BA12-FE214666E558}.Release|Any CPU.ActiveCfg = Release|Any CPU
		{F85F34B6-2B40-4672-BA12-FE214666E558}.Release|Any CPU.Build.0 = Release|Any CPU
		{AAE00A66-4F90-43FF-8DFB-E452473D670B}.Debug|Any CPU.ActiveCfg = Debug|Any CPU
		{AAE00A66-4F90-43FF-8DFB-E452473D670B}.Debug|Any CPU.Build.0 = Debug|Any CPU
		{AAE00A66-4F90-43FF-8DFB-E452473D670B}.Release|Any CPU.ActiveCfg = Release|Any CPU
		{AAE00A66-4F90-43FF-8DFB-E452473D670B}.Release|Any CPU.Build.0 = Release|Any CPU
		{E8482FF0-2D27-4D77-949E-6CC1C7BD57DC}.Debug|Any CPU.ActiveCfg = Debug|Any CPU
		{E8482FF0-2D27-4D77-949E-6CC1C7BD57DC}.Debug|Any CPU.Build.0 = Debug|Any CPU
		{E8482FF0-2D27-4D77-949E-6CC1C7BD57DC}.Release|Any CPU.ActiveCfg = Release|Any CPU
		{E8482FF0-2D27-4D77-949E-6CC1C7BD57DC}.Release|Any CPU.Build.0 = Release|Any CPU
		{5A4DED51-8F95-4887-8C80-F42AE57EB2DD}.Debug|Any CPU.ActiveCfg = Debug|Any CPU
		{5A4DED51-8F95-4887-8C80-F42AE57EB2DD}.Debug|Any CPU.Build.0 = Debug|Any CPU
		{5A4DED51-8F95-4887-8C80-F42AE57EB2DD}.Release|Any CPU.ActiveCfg = Release|Any CPU
		{5A4DED51-8F95-4887-8C80-F42AE57EB2DD}.Release|Any CPU.Build.0 = Release|Any CPU
		{F8756CA5-3905-4BF9-BFF9-8618D10958DE}.Debug|Any CPU.ActiveCfg = Debug|Any CPU
		{F8756CA5-3905-4BF9-BFF9-8618D10958DE}.Debug|Any CPU.Build.0 = Debug|Any CPU
		{F8756CA5-3905-4BF9-BFF9-8618D10958DE}.Release|Any CPU.ActiveCfg = Release|Any CPU
		{F8756CA5-3905-4BF9-BFF9-8618D10958DE}.Release|Any CPU.Build.0 = Release|Any CPU
		{642642A0-E619-4BC3-8B3F-41737CB3C957}.Debug|Any CPU.ActiveCfg = Debug|Any CPU
		{642642A0-E619-4BC3-8B3F-41737CB3C957}.Debug|Any CPU.Build.0 = Debug|Any CPU
		{642642A0-E619-4BC3-8B3F-41737CB3C957}.Release|Any CPU.ActiveCfg = Release|Any CPU
		{642642A0-E619-4BC3-8B3F-41737CB3C957}.Release|Any CPU.Build.0 = Release|Any CPU
		{2CAF4E3A-9694-446D-B635-A52067EC4057}.Debug|Any CPU.ActiveCfg = Debug|Any CPU
		{2CAF4E3A-9694-446D-B635-A52067EC4057}.Debug|Any CPU.Build.0 = Debug|Any CPU
		{2CAF4E3A-9694-446D-B635-A52067EC4057}.Release|Any CPU.ActiveCfg = Release|Any CPU
		{2CAF4E3A-9694-446D-B635-A52067EC4057}.Release|Any CPU.Build.0 = Release|Any CPU
		{B988F748-EE42-4B26-88BA-FE159D7DE663}.Debug|Any CPU.ActiveCfg = Debug|Any CPU
		{B988F748-EE42-4B26-88BA-FE159D7DE663}.Debug|Any CPU.Build.0 = Debug|Any CPU
		{B988F748-EE42-4B26-88BA-FE159D7DE663}.Release|Any CPU.ActiveCfg = Release|Any CPU
		{B988F748-EE42-4B26-88BA-FE159D7DE663}.Release|Any CPU.Build.0 = Release|Any CPU
		{DE141AA6-2D3E-4E40-AB6F-C1E38B55EAEE}.Debug|Any CPU.ActiveCfg = Debug|Any CPU
		{DE141AA6-2D3E-4E40-AB6F-C1E38B55EAEE}.Debug|Any CPU.Build.0 = Debug|Any CPU
		{DE141AA6-2D3E-4E40-AB6F-C1E38B55EAEE}.Release|Any CPU.ActiveCfg = Release|Any CPU
		{DE141AA6-2D3E-4E40-AB6F-C1E38B55EAEE}.Release|Any CPU.Build.0 = Release|Any CPU
		{19D6FA96-07B3-4955-B68C-078D5029F34B}.Debug|Any CPU.ActiveCfg = Debug|Any CPU
		{19D6FA96-07B3-4955-B68C-078D5029F34B}.Debug|Any CPU.Build.0 = Debug|Any CPU
		{19D6FA96-07B3-4955-B68C-078D5029F34B}.Release|Any CPU.ActiveCfg = Release|Any CPU
		{19D6FA96-07B3-4955-B68C-078D5029F34B}.Release|Any CPU.Build.0 = Release|Any CPU
		{649C2AC7-69D3-4AA3-8992-288BAF62FDA4}.Debug|Any CPU.ActiveCfg = Debug|Any CPU
		{649C2AC7-69D3-4AA3-8992-288BAF62FDA4}.Debug|Any CPU.Build.0 = Debug|Any CPU
		{649C2AC7-69D3-4AA3-8992-288BAF62FDA4}.Release|Any CPU.ActiveCfg = Release|Any CPU
		{649C2AC7-69D3-4AA3-8992-288BAF62FDA4}.Release|Any CPU.Build.0 = Release|Any CPU
	EndGlobalSection
	GlobalSection(SolutionProperties) = preSolution
		HideSolutionNode = FALSE
	EndGlobalSection
	GlobalSection(NestedProjects) = preSolution
		{C85B48D6-3EAF-401C-8B82-EF1A9A0E2585} = {683E42AD-7E8F-4212-B06E-40BB49F24B75}
		{1117CFB0-BE90-411B-91C5-212CD1D6226A} = {D7C4FF0E-CB83-47C2-944F-0C68CF6C1BB2}
		{4B8821A1-229B-4AC4-B89C-F9AE14998C75} = {D7C4FF0E-CB83-47C2-944F-0C68CF6C1BB2}
		{A6C65A4F-5029-486D-B153-8B6E4D4A25C9} = {D7C4FF0E-CB83-47C2-944F-0C68CF6C1BB2}
		{18960EB8-DBD6-4F5E-96C1-9C7F27E3AE58} = {D7C4FF0E-CB83-47C2-944F-0C68CF6C1BB2}
		{413E4990-F2AA-45E0-B254-86D0831168ED} = {D7C4FF0E-CB83-47C2-944F-0C68CF6C1BB2}
		{A0E71611-D7EA-4FA7-BCC5-FAB6C2C163F4} = {D7C4FF0E-CB83-47C2-944F-0C68CF6C1BB2}
		{F3FF082B-698B-4665-9B22-54EC0FA2D100} = {D7C4FF0E-CB83-47C2-944F-0C68CF6C1BB2}
		{683E42AD-7E8F-4212-B06E-40BB49F24B75} = {A0E71611-D7EA-4FA7-BCC5-FAB6C2C163F4}
		{0FF3284E-28F9-4123-92E6-0D0C8CA00D9E} = {A0E71611-D7EA-4FA7-BCC5-FAB6C2C163F4}
		{1ED8F5C2-C618-4D01-BFF6-0A0A5151897F} = {A0E71611-D7EA-4FA7-BCC5-FAB6C2C163F4}
		{9A3F9CB5-BC77-46F7-992F-1D8A3789294A} = {0E32CC65-54E6-4E08-B434-D5E85D2021B7}
		{5465FD1B-7E06-453A-91F6-94EAD8E68BF0} = {0E32CC65-54E6-4E08-B434-D5E85D2021B7}
		{D3273378-3CB7-410A-B82B-A5011374B6C6} = {0E32CC65-54E6-4E08-B434-D5E85D2021B7}
		{70A9926F-5783-461A-AA2F-C3F3443310AD} = {0E32CC65-54E6-4E08-B434-D5E85D2021B7}
		{5E8D66A0-7068-468F-A088-659079EEAFD2} = {70A9926F-5783-461A-AA2F-C3F3443310AD}
		{4C1669FB-B1A0-4912-95A7-2F00A64A8285} = {5E8D66A0-7068-468F-A088-659079EEAFD2}
		{CB2A6632-DF91-4B7D-A8E1-90BF10CB985B} = {5E8D66A0-7068-468F-A088-659079EEAFD2}
		{24E96AE5-5E19-4910-8A6D-121FB2B75F7A} = {5E8D66A0-7068-468F-A088-659079EEAFD2}
		{03C5A2CA-22DE-4F79-AC42-F6DD2D1FA948} = {5E8D66A0-7068-468F-A088-659079EEAFD2}
		{E5462DF1-5266-417B-908D-D1CD0B8856E3} = {5E8D66A0-7068-468F-A088-659079EEAFD2}
		{35FCFD68-C72B-4E0C-8BFB-016083266C1A} = {5E8D66A0-7068-468F-A088-659079EEAFD2}
		{F9E4AC4F-475C-43DC-AF47-4DD5023A994C} = {5E8D66A0-7068-468F-A088-659079EEAFD2}
		{A948B195-C30D-4DDD-84C3-415F7162E4A2} = {5E8D66A0-7068-468F-A088-659079EEAFD2}
		{F0B254BB-E9D4-43AF-AC07-B1538CD56613} = {5E8D66A0-7068-468F-A088-659079EEAFD2}
		{3A5B3733-FD0D-4A37-9543-735B036984C0} = {5E8D66A0-7068-468F-A088-659079EEAFD2}
		{E8517A78-8C0A-4888-B6AC-8ABAD398B6FB} = {5E8D66A0-7068-468F-A088-659079EEAFD2}
		{80B7AF65-708B-4102-BAB3-5E4652D13D9E} = {70A9926F-5783-461A-AA2F-C3F3443310AD}
		{EBA19E9E-2007-47BC-B04C-A60DB140F168} = {70A9926F-5783-461A-AA2F-C3F3443310AD}
		{D44C74CE-A2A4-4BF3-B75C-BBB2357D9806} = {D3273378-3CB7-410A-B82B-A5011374B6C6}
		{7AEB55AB-2D7A-4E2A-94D5-FC554651CBFC} = {D3273378-3CB7-410A-B82B-A5011374B6C6}
		{FBC5FB18-4D26-451C-81A4-F20A92684236} = {D3273378-3CB7-410A-B82B-A5011374B6C6}
		{1ABA859E-9EED-45C1-B2F0-F83102AEFB4C} = {5465FD1B-7E06-453A-91F6-94EAD8E68BF0}
		{B67F7AD5-5324-40D0-9CC7-FAB310D456FB} = {5465FD1B-7E06-453A-91F6-94EAD8E68BF0}
		{846DED2A-77D8-48F1-BA21-1801A25EA345} = {5465FD1B-7E06-453A-91F6-94EAD8E68BF0}
		{133EE446-DB36-4CAB-A7C9-8122D196CF09} = {9A3F9CB5-BC77-46F7-992F-1D8A3789294A}
		{135E8C19-EF78-454E-9D92-94BBC93994DF} = {9A3F9CB5-BC77-46F7-992F-1D8A3789294A}
		{A27EC3B3-BF55-4612-B293-F96BBD2C3610} = {9A3F9CB5-BC77-46F7-992F-1D8A3789294A}
		{529DAB61-C9DF-4A4A-BF9B-C47C207C74DA} = {1117CFB0-BE90-411B-91C5-212CD1D6226A}
		{4EACA324-0140-4BF5-A556-C9A65030E4C8} = {18960EB8-DBD6-4F5E-96C1-9C7F27E3AE58}
		{57BBEC33-2A19-4223-81E2-802D29881A12} = {4B8821A1-229B-4AC4-B89C-F9AE14998C75}
		{43AA63F0-E2C5-4C4D-8245-537FEB698DC5} = {413E4990-F2AA-45E0-B254-86D0831168ED}
		{2890ADAF-D421-4724-BB73-F1BA6B1E25E8} = {A6C65A4F-5029-486D-B153-8B6E4D4A25C9}
		{09866A31-147F-49C0-ACB0-1EA228933BC9} = {1117CFB0-BE90-411B-91C5-212CD1D6226A}
		{FD2F53F7-CB4A-47E3-B958-E1D9E80E88FF} = {18960EB8-DBD6-4F5E-96C1-9C7F27E3AE58}
		{C678D7FE-8D21-476E-B02B-D014A712E994} = {4B8821A1-229B-4AC4-B89C-F9AE14998C75}
		{CD197272-9193-4B4B-8344-2F4DD218667B} = {413E4990-F2AA-45E0-B254-86D0831168ED}
		{15F6C804-A7E9-4B0B-973C-AD80F2E07ABD} = {A6C65A4F-5029-486D-B153-8B6E4D4A25C9}
		{4893DE5C-453B-4D6C-BBD0-57CEA7EEB33D} = {1117CFB0-BE90-411B-91C5-212CD1D6226A}
		{0BBCE608-6366-4059-BC37-D555ACB34F90} = {18960EB8-DBD6-4F5E-96C1-9C7F27E3AE58}
		{54CCCDFB-39D1-4520-B02E-638BF63E1DD5} = {4B8821A1-229B-4AC4-B89C-F9AE14998C75}
		{B6ADC22D-9AC3-4A44-8B56-7566C51281B6} = {413E4990-F2AA-45E0-B254-86D0831168ED}
		{0F243FBC-3C73-483A-8B7B-4A1BB413070E} = {A6C65A4F-5029-486D-B153-8B6E4D4A25C9}
		{8F4F5D7C-F22B-4D6A-A33E-5B8990CD3348} = {135E8C19-EF78-454E-9D92-94BBC93994DF}
		{5B3E835F-F497-4944-B9F3-D38C05AD9D28} = {135E8C19-EF78-454E-9D92-94BBC93994DF}
		{94843E3B-3069-4CD8-B4D5-6C6A286D7ED4} = {135E8C19-EF78-454E-9D92-94BBC93994DF}
		{91A3DEEB-63A1-4D80-9DBD-72263CB8A8D0} = {135E8C19-EF78-454E-9D92-94BBC93994DF}
		{E684773F-9932-40ED-BF3B-CF952759EC78} = {135E8C19-EF78-454E-9D92-94BBC93994DF}
		{556745A1-D35E-45D8-A85B-501C7BD0206F} = {135E8C19-EF78-454E-9D92-94BBC93994DF}
		{03E387C5-E3E4-4F84-AE98-8E870035DBAE} = {135E8C19-EF78-454E-9D92-94BBC93994DF}
		{179AFE4F-C783-482A-A6F4-6E3F1ED88204} = {135E8C19-EF78-454E-9D92-94BBC93994DF}
		{4AA9FE5B-28AA-446B-A82A-D5B04E886017} = {133EE446-DB36-4CAB-A7C9-8122D196CF09}
		{D4601201-CCD6-468E-B901-EC3E7603A011} = {133EE446-DB36-4CAB-A7C9-8122D196CF09}
		{29F85A8B-1006-4916-80CD-8091AAA8A9B0} = {133EE446-DB36-4CAB-A7C9-8122D196CF09}
		{8FE8E977-B951-4F2A-99F2-C33284F6F23F} = {133EE446-DB36-4CAB-A7C9-8122D196CF09}
		{F85F34B6-2B40-4672-BA12-FE214666E558} = {133EE446-DB36-4CAB-A7C9-8122D196CF09}
		{AAE00A66-4F90-43FF-8DFB-E452473D670B} = {133EE446-DB36-4CAB-A7C9-8122D196CF09}
		{E8482FF0-2D27-4D77-949E-6CC1C7BD57DC} = {133EE446-DB36-4CAB-A7C9-8122D196CF09}
		{5A4DED51-8F95-4887-8C80-F42AE57EB2DD} = {133EE446-DB36-4CAB-A7C9-8122D196CF09}
		{F8756CA5-3905-4BF9-BFF9-8618D10958DE} = {133EE446-DB36-4CAB-A7C9-8122D196CF09}
		{642642A0-E619-4BC3-8B3F-41737CB3C957} = {133EE446-DB36-4CAB-A7C9-8122D196CF09}
		{2CAF4E3A-9694-446D-B635-A52067EC4057} = {A27EC3B3-BF55-4612-B293-F96BBD2C3610}
		{B988F748-EE42-4B26-88BA-FE159D7DE663} = {A27EC3B3-BF55-4612-B293-F96BBD2C3610}
		{DE141AA6-2D3E-4E40-AB6F-C1E38B55EAEE} = {A27EC3B3-BF55-4612-B293-F96BBD2C3610}
		{19D6FA96-07B3-4955-B68C-078D5029F34B} = {A27EC3B3-BF55-4612-B293-F96BBD2C3610}
		{649C2AC7-69D3-4AA3-8992-288BAF62FDA4} = {A27EC3B3-BF55-4612-B293-F96BBD2C3610}
	EndGlobalSection
	GlobalSection(ExtensibilityGlobals) = postSolution
		SolutionGuid = {D3A075EF-5EE9-4D42-88C8-AD9FA38738EF}
	EndGlobalSection
EndGlobal
