
Microsoft Visual Studio Solution File, Format Version 12.00
# Visual Studio Version 17
VisualStudioVersion = 17.6.33723.286
MinimumVisualStudioVersion = 10.0.40219.1
Project("{9A19103F-16F7-4668-BE54-9A1E7A4F7556}") = "01. Hello SoftUni", "ProgrammingBasicsCSharp\FirstStepsInCoding\Lab\01. Hello SoftUni\01. Hello SoftUni.csproj", "{C85B48D6-3EAF-401C-8B82-EF1A9A0E2585}"
EndProject
Project("{2150E333-8FDC-42A3-9474-1A3956D46DE8}") = "ConditionalStatements", "ConditionalStatements", "{1117CFB0-BE90-411B-91C5-212CD1D6226A}"
EndProject
Project("{2150E333-8FDC-42A3-9474-1A3956D46DE8}") = "ForLoop", "ForLoop", "{4B8821A1-229B-4AC4-B89C-F9AE14998C75}"
EndProject
Project("{2150E333-8FDC-42A3-9474-1A3956D46DE8}") = "WhileLoop", "WhileLoop", "{A6C65A4F-5029-486D-B153-8B6E4D4A25C9}"
EndProject
Project("{2150E333-8FDC-42A3-9474-1A3956D46DE8}") = "ConditionStatementsAdvanced", "ConditionStatementsAdvanced", "{18960EB8-DBD6-4F5E-96C1-9C7F27E3AE58}"
EndProject
Project("{2150E333-8FDC-42A3-9474-1A3956D46DE8}") = "NestedLoops", "NestedLoops", "{413E4990-F2AA-45E0-B254-86D0831168ED}"
EndProject
Project("{2150E333-8FDC-42A3-9474-1A3956D46DE8}") = "FirstStepsInCoding", "FirstStepsInCoding", "{A0E71611-D7EA-4FA7-BCC5-FAB6C2C163F4}"
EndProject
Project("{2150E333-8FDC-42A3-9474-1A3956D46DE8}") = "DrawingFiguresWithLoops", "DrawingFiguresWithLoops", "{F3FF082B-698B-4665-9B22-54EC0FA2D100}"
EndProject
Project("{2150E333-8FDC-42A3-9474-1A3956D46DE8}") = "ProgrammingBasicsCSharp", "ProgrammingBasicsCSharp", "{D7C4FF0E-CB83-47C2-944F-0C68CF6C1BB2}"
EndProject
Project("{2150E333-8FDC-42A3-9474-1A3956D46DE8}") = "Lab", "Lab", "{683E42AD-7E8F-4212-B06E-40BB49F24B75}"
EndProject
Project("{2150E333-8FDC-42A3-9474-1A3956D46DE8}") = "MoreExercises", "MoreExercises", "{0FF3284E-28F9-4123-92E6-0D0C8CA00D9E}"
EndProject
Project("{2150E333-8FDC-42A3-9474-1A3956D46DE8}") = "Exercises", "Exercises", "{1ED8F5C2-C618-4D01-BFF6-0A0A5151897F}"
EndProject
Project("{2150E333-8FDC-42A3-9474-1A3956D46DE8}") = "FundamentalsCSharp", "FundamentalsCSharp", "{0E32CC65-54E6-4E08-B434-D5E85D2021B7}"
EndProject
Project("{2150E333-8FDC-42A3-9474-1A3956D46DE8}") = "Arrays", "Arrays", "{9A3F9CB5-BC77-46F7-992F-1D8A3789294A}"
EndProject
Project("{2150E333-8FDC-42A3-9474-1A3956D46DE8}") = "BasicSyntaxConditionalStatementsAndLoops", "BasicSyntaxConditionalStatementsAndLoops", "{5465FD1B-7E06-453A-91F6-94EAD8E68BF0}"
EndProject
Project("{2150E333-8FDC-42A3-9474-1A3956D46DE8}") = "DataTypesAndVariables", "DataTypesAndVariables", "{D3273378-3CB7-410A-B82B-A5011374B6C6}"
EndProject
Project("{2150E333-8FDC-42A3-9474-1A3956D46DE8}") = "Methods", "Methods", "{70A9926F-5783-461A-AA2F-C3F3443310AD}"
EndProject
Project("{2150E333-8FDC-42A3-9474-1A3956D46DE8}") = "Lab", "Lab", "{5E8D66A0-7068-468F-A088-659079EEAFD2}"
EndProject
Project("{FAE04EC0-301F-11D3-BF4B-00C04F79EFBC}") = "01. Sign of Integer Numbers", "FundamentalsCSharp\Methods\Lab\01. Sign of Integer Numbers\01. Sign of Integer Numbers.csproj", "{4C1669FB-B1A0-4912-95A7-2F00A64A8285}"
EndProject
Project("{FAE04EC0-301F-11D3-BF4B-00C04F79EFBC}") = "02. Grades", "FundamentalsCSharp\Methods\Lab\02. Grades\02. Grades.csproj", "{CB2A6632-DF91-4B7D-A8E1-90BF10CB985B}"
EndProject
Project("{FAE04EC0-301F-11D3-BF4B-00C04F79EFBC}") = "03. Calculations", "FundamentalsCSharp\Methods\Lab\03. Calculations\03. Calculations.csproj", "{24E96AE5-5E19-4910-8A6D-121FB2B75F7A}"
EndProject
Project("{FAE04EC0-301F-11D3-BF4B-00C04F79EFBC}") = "04. Printing Triangle", "FundamentalsCSharp\Methods\Lab\04. Printing Triangle\04. Printing Triangle.csproj", "{03C5A2CA-22DE-4F79-AC42-F6DD2D1FA948}"
EndProject
Project("{FAE04EC0-301F-11D3-BF4B-00C04F79EFBC}") = "05. Orders", "FundamentalsCSharp\Methods\Lab\05. Orders\05. Orders.csproj", "{E5462DF1-5266-417B-908D-D1CD0B8856E3}"
EndProject
Project("{FAE04EC0-301F-11D3-BF4B-00C04F79EFBC}") = "06. Calculate Rectangle Area", "FundamentalsCSharp\Methods\Lab\06. Calculate Rectangle Area\06. Calculate Rectangle Area.csproj", "{35FCFD68-C72B-4E0C-8BFB-016083266C1A}"
EndProject
Project("{FAE04EC0-301F-11D3-BF4B-00C04F79EFBC}") = "07. Repeat String", "FundamentalsCSharp\Methods\Lab\07. Repeat String\07. Repeat String.csproj", "{F9E4AC4F-475C-43DC-AF47-4DD5023A994C}"
EndProject
Project("{FAE04EC0-301F-11D3-BF4B-00C04F79EFBC}") = "08. Math Power", "FundamentalsCSharp\Methods\Lab\08. Math Power\08. Math Power.csproj", "{A948B195-C30D-4DDD-84C3-415F7162E4A2}"
EndProject
Project("{FAE04EC0-301F-11D3-BF4B-00C04F79EFBC}") = "09. Greater of Two Values", "FundamentalsCSharp\Methods\Lab\09. Greater of Two Values\09. Greater of Two Values.csproj", "{F0B254BB-E9D4-43AF-AC07-B1538CD56613}"
EndProject
Project("{FAE04EC0-301F-11D3-BF4B-00C04F79EFBC}") = "10. Multiply Evens by Odds", "FundamentalsCSharp\Methods\Lab\10. Multiply Evens by Odds\10. Multiply Evens by Odds.csproj", "{3A5B3733-FD0D-4A37-9543-735B036984C0}"
EndProject
Project("{FAE04EC0-301F-11D3-BF4B-00C04F79EFBC}") = "11. Math operations", "FundamentalsCSharp\Methods\Lab\11. Math operations\11. Math operations.csproj", "{E8517A78-8C0A-4888-B6AC-8ABAD398B6FB}"
EndProject
Project("{2150E333-8FDC-42A3-9474-1A3956D46DE8}") = "Exercise", "Exercise", "{80B7AF65-708B-4102-BAB3-5E4652D13D9E}"
EndProject
Project("{2150E333-8FDC-42A3-9474-1A3956D46DE8}") = "MoreExercises", "MoreExercises", "{EBA19E9E-2007-47BC-B04C-A60DB140F168}"
EndProject
Project("{2150E333-8FDC-42A3-9474-1A3956D46DE8}") = "MoreExercises", "MoreExercises", "{D44C74CE-A2A4-4BF3-B75C-BBB2357D9806}"
EndProject
Project("{2150E333-8FDC-42A3-9474-1A3956D46DE8}") = "Exercises", "Exercises", "{7AEB55AB-2D7A-4E2A-94D5-FC554651CBFC}"
EndProject
Project("{2150E333-8FDC-42A3-9474-1A3956D46DE8}") = "Lab", "Lab", "{FBC5FB18-4D26-451C-81A4-F20A92684236}"
EndProject
Project("{2150E333-8FDC-42A3-9474-1A3956D46DE8}") = "MoreExercises", "MoreExercises", "{1ABA859E-9EED-45C1-B2F0-F83102AEFB4C}"
EndProject
Project("{2150E333-8FDC-42A3-9474-1A3956D46DE8}") = "Lab", "Lab", "{B67F7AD5-5324-40D0-9CC7-FAB310D456FB}"
EndProject
Project("{2150E333-8FDC-42A3-9474-1A3956D46DE8}") = "Exercises", "Exercises", "{846DED2A-77D8-48F1-BA21-1801A25EA345}"
EndProject
Project("{2150E333-8FDC-42A3-9474-1A3956D46DE8}") = "Exercises", "Exercises", "{133EE446-DB36-4CAB-A7C9-8122D196CF09}"
EndProject
Project("{2150E333-8FDC-42A3-9474-1A3956D46DE8}") = "Lab", "Lab", "{135E8C19-EF78-454E-9D92-94BBC93994DF}"
EndProject
Project("{2150E333-8FDC-42A3-9474-1A3956D46DE8}") = "MoreExercises", "MoreExercises", "{A27EC3B3-BF55-4612-B293-F96BBD2C3610}"
EndProject
Project("{2150E333-8FDC-42A3-9474-1A3956D46DE8}") = "MoreExercises", "MoreExercises", "{529DAB61-C9DF-4A4A-BF9B-C47C207C74DA}"
EndProject
Project("{2150E333-8FDC-42A3-9474-1A3956D46DE8}") = "MoreExercises", "MoreExercises", "{4EACA324-0140-4BF5-A556-C9A65030E4C8}"
EndProject
Project("{2150E333-8FDC-42A3-9474-1A3956D46DE8}") = "MoreExercises", "MoreExercises", "{57BBEC33-2A19-4223-81E2-802D29881A12}"
EndProject
Project("{2150E333-8FDC-42A3-9474-1A3956D46DE8}") = "MoreExercises", "MoreExercises", "{43AA63F0-E2C5-4C4D-8245-537FEB698DC5}"
EndProject
Project("{2150E333-8FDC-42A3-9474-1A3956D46DE8}") = "MoreExercises", "MoreExercises", "{2890ADAF-D421-4724-BB73-F1BA6B1E25E8}"
EndProject
Project("{2150E333-8FDC-42A3-9474-1A3956D46DE8}") = "Lab", "Lab", "{09866A31-147F-49C0-ACB0-1EA228933BC9}"
EndProject
Project("{2150E333-8FDC-42A3-9474-1A3956D46DE8}") = "Lab", "Lab", "{FD2F53F7-CB4A-47E3-B958-E1D9E80E88FF}"
EndProject
Project("{2150E333-8FDC-42A3-9474-1A3956D46DE8}") = "Lab", "Lab", "{C678D7FE-8D21-476E-B02B-D014A712E994}"
EndProject
Project("{2150E333-8FDC-42A3-9474-1A3956D46DE8}") = "Lab", "Lab", "{CD197272-9193-4B4B-8344-2F4DD218667B}"
EndProject
Project("{2150E333-8FDC-42A3-9474-1A3956D46DE8}") = "Lab", "Lab", "{15F6C804-A7E9-4B0B-973C-AD80F2E07ABD}"
EndProject
Project("{2150E333-8FDC-42A3-9474-1A3956D46DE8}") = "Exercise", "Exercise", "{4893DE5C-453B-4D6C-BBD0-57CEA7EEB33D}"
EndProject
Project("{2150E333-8FDC-42A3-9474-1A3956D46DE8}") = "Exercise", "Exercise", "{0BBCE608-6366-4059-BC37-D555ACB34F90}"
EndProject
Project("{2150E333-8FDC-42A3-9474-1A3956D46DE8}") = "Exercise", "Exercise", "{54CCCDFB-39D1-4520-B02E-638BF63E1DD5}"
EndProject
Project("{2150E333-8FDC-42A3-9474-1A3956D46DE8}") = "Exercise", "Exercise", "{B6ADC22D-9AC3-4A44-8B56-7566C51281B6}"
EndProject
Project("{2150E333-8FDC-42A3-9474-1A3956D46DE8}") = "Exercise", "Exercise", "{0F243FBC-3C73-483A-8B7B-4A1BB413070E}"
EndProject
Project("{9A19103F-16F7-4668-BE54-9A1E7A4F7556}") = "01. Day of Week", "FundamentalsCSharp\Arrays\Lab\01. Day of Week\01. Day of Week.csproj", "{8F4F5D7C-F22B-4D6A-A33E-5B8990CD3348}"
EndProject
Project("{9A19103F-16F7-4668-BE54-9A1E7A4F7556}") = "02. Print Numbers in Reverse Order", "FundamentalsCSharp\Arrays\Lab\02. Print Numbers in Reverse Order\02. Print Numbers in Reverse Order.csproj", "{5B3E835F-F497-4944-B9F3-D38C05AD9D28}"
EndProject
Project("{9A19103F-16F7-4668-BE54-9A1E7A4F7556}") = "03. Rounding Numbers", "FundamentalsCSharp\Arrays\Lab\03. Rounding Numbers\03. Rounding Numbers.csproj", "{94843E3B-3069-4CD8-B4D5-6C6A286D7ED4}"
EndProject
Project("{9A19103F-16F7-4668-BE54-9A1E7A4F7556}") = "04. Reverse Array of Strings", "FundamentalsCSharp\Arrays\Lab\04. Reverse Array of Strings\04. Reverse Array of Strings.csproj", "{91A3DEEB-63A1-4D80-9DBD-72263CB8A8D0}"
EndProject
Project("{9A19103F-16F7-4668-BE54-9A1E7A4F7556}") = "05. Sum Even Numbers", "FundamentalsCSharp\Arrays\Lab\05. Sum Even Numbers\05. Sum Even Numbers.csproj", "{E684773F-9932-40ED-BF3B-CF952759EC78}"
EndProject
Project("{9A19103F-16F7-4668-BE54-9A1E7A4F7556}") = "06. Even and Odd Subtraction", "FundamentalsCSharp\Arrays\Lab\06. Even and Odd Subtraction\06. Even and Odd Subtraction.csproj", "{556745A1-D35E-45D8-A85B-501C7BD0206F}"
EndProject
Project("{9A19103F-16F7-4668-BE54-9A1E7A4F7556}") = "07. Equal Arrays", "FundamentalsCSharp\Arrays\Lab\07. Equal Arrays\07. Equal Arrays.csproj", "{03E387C5-E3E4-4F84-AE98-8E870035DBAE}"
EndProject
Project("{9A19103F-16F7-4668-BE54-9A1E7A4F7556}") = "08. Condense Array to Number08. Condense Array to Number", "FundamentalsCSharp\Arrays\Lab\08. Condense Array to Number08. Condense Array to Number\08. Condense Array to Number08. Condense Array to Number.csproj", "{179AFE4F-C783-482A-A6F4-6E3F1ED88204}"
EndProject
Project("{9A19103F-16F7-4668-BE54-9A1E7A4F7556}") = "01. Train", "FundamentalsCSharp\Arrays\Exercise\01. Train\01. Train.csproj", "{4AA9FE5B-28AA-446B-A82A-D5B04E886017}"
EndProject
Project("{9A19103F-16F7-4668-BE54-9A1E7A4F7556}") = "02. Common Elements", "FundamentalsCSharp\Arrays\Exercise\02. Common Elements\02. Common Elements.csproj", "{D4601201-CCD6-468E-B901-EC3E7603A011}"
EndProject
Project("{9A19103F-16F7-4668-BE54-9A1E7A4F7556}") = "03. Zig-Zag Arrays", "FundamentalsCSharp\Arrays\Exercise\03. Zig-Zag Arrays\03. Zig-Zag Arrays.csproj", "{29F85A8B-1006-4916-80CD-8091AAA8A9B0}"
EndProject
Project("{9A19103F-16F7-4668-BE54-9A1E7A4F7556}") = "04. Array Rotation", "FundamentalsCSharp\Arrays\Exercise\04. Array Rotation\04. Array Rotation.csproj", "{8FE8E977-B951-4F2A-99F2-C33284F6F23F}"
EndProject
Project("{9A19103F-16F7-4668-BE54-9A1E7A4F7556}") = "05. Top Integers", "FundamentalsCSharp\Arrays\Exercise\05. Top Integers\05. Top Integers.csproj", "{F85F34B6-2B40-4672-BA12-FE214666E558}"
EndProject
Project("{9A19103F-16F7-4668-BE54-9A1E7A4F7556}") = "06. Equal Sum", "FundamentalsCSharp\Arrays\Exercise\06. Equal Sum\06. Equal Sum.csproj", "{AAE00A66-4F90-43FF-8DFB-E452473D670B}"
EndProject
Project("{9A19103F-16F7-4668-BE54-9A1E7A4F7556}") = "07. Max Sequence of Equal Elements", "FundamentalsCSharp\Arrays\Exercise\07. Max Sequence of Equal Elements\07. Max Sequence of Equal Elements.csproj", "{E8482FF0-2D27-4D77-949E-6CC1C7BD57DC}"
EndProject
Project("{9A19103F-16F7-4668-BE54-9A1E7A4F7556}") = "08. Magic Sum", "FundamentalsCSharp\Arrays\Exercise\08. Magic Sum\08. Magic Sum.csproj", "{5A4DED51-8F95-4887-8C80-F42AE57EB2DD}"
EndProject
Project("{9A19103F-16F7-4668-BE54-9A1E7A4F7556}") = "09. Kamino Factory", "FundamentalsCSharp\Arrays\Exercise\09. Kamino Factory\09. Kamino Factory.csproj", "{F8756CA5-3905-4BF9-BFF9-8618D10958DE}"
EndProject
Project("{9A19103F-16F7-4668-BE54-9A1E7A4F7556}") = "10. LadyBugs", "FundamentalsCSharp\Arrays\Exercise\10. LadyBugs\10. LadyBugs.csproj", "{642642A0-E619-4BC3-8B3F-41737CB3C957}"
EndProject
Project("{9A19103F-16F7-4668-BE54-9A1E7A4F7556}") = "01. Encrypt Sort and Print Array", "FundamentalsCSharp\Arrays\MoreExercises\01. Encrypt Sort and Print Array\01. Encrypt Sort and Print Array.csproj", "{2CAF4E3A-9694-446D-B635-A52067EC4057}"
EndProject
Project("{9A19103F-16F7-4668-BE54-9A1E7A4F7556}") = "02. Pascal Triangle", "FundamentalsCSharp\Arrays\MoreExercises\02. Pascal Triangle\02. Pascal Triangle.csproj", "{B988F748-EE42-4B26-88BA-FE159D7DE663}"
EndProject
Project("{9A19103F-16F7-4668-BE54-9A1E7A4F7556}") = "03. Recursive Fibonacci", "FundamentalsCSharp\Arrays\MoreExercises\03. Recursive Fibonacci\03. Recursive Fibonacci.csproj", "{DE141AA6-2D3E-4E40-AB6F-C1E38B55EAEE}"
EndProject
Project("{9A19103F-16F7-4668-BE54-9A1E7A4F7556}") = "04. Fold and Sum", "FundamentalsCSharp\Arrays\MoreExercises\04. Fold and Sum\04. Fold and Sum.csproj", "{19D6FA96-07B3-4955-B68C-078D5029F34B}"
EndProject
Project("{9A19103F-16F7-4668-BE54-9A1E7A4F7556}") = "05. Longest Increasing Subsequence", "FundamentalsCSharp\Arrays\MoreExercises\05. Longest Increasing Subsequence\05. Longest Increasing Subsequence.csproj", "{649C2AC7-69D3-4AA3-8992-288BAF62FDA4}"
EndProject
Project("{9A19103F-16F7-4668-BE54-9A1E7A4F7556}") = "01. Ages", "FundamentalsCSharp\BasicSyntaxConditionalStatementsAndLoops\Exercises\01. Ages\01. Ages.csproj", "{1B293653-E84B-42DB-B3C1-B69CF1B747CC}"
EndProject
Project("{9A19103F-16F7-4668-BE54-9A1E7A4F7556}") = "02. Division", "FundamentalsCSharp\BasicSyntaxConditionalStatementsAndLoops\Exercises\02. Division\02. Division.csproj", "{00CCE14D-D1F5-4DD0-BBB1-A671A7D96E9A}"
EndProject
Project("{9A19103F-16F7-4668-BE54-9A1E7A4F7556}") = "03. Vacation", "FundamentalsCSharp\BasicSyntaxConditionalStatementsAndLoops\Exercises\03. Vacation\03. Vacation.csproj", "{029129FD-27D8-4E0A-9432-A8B0BD8BCAF5}"
EndProject
Project("{9A19103F-16F7-4668-BE54-9A1E7A4F7556}") = "04. Print and sum", "FundamentalsCSharp\BasicSyntaxConditionalStatementsAndLoops\Exercises\04. Print and sum\04. Print and sum.csproj", "{0F4D7345-36C4-490A-99C9-1EC7C8DA2F5A}"
EndProject
Project("{9A19103F-16F7-4668-BE54-9A1E7A4F7556}") = "05. Login", "FundamentalsCSharp\BasicSyntaxConditionalStatementsAndLoops\Exercises\05. Login\05. Login.csproj", "{C260C7FE-8E9E-457E-8C3A-49F88884014F}"
EndProject
Project("{9A19103F-16F7-4668-BE54-9A1E7A4F7556}") = "06. Strong number", "FundamentalsCSharp\BasicSyntaxConditionalStatementsAndLoops\Exercises\06. Strong number\06. Strong number.csproj", "{C9136ECC-07E1-4211-8DFE-B72FDF757FA7}"
EndProject
Project("{9A19103F-16F7-4668-BE54-9A1E7A4F7556}") = "07. Vending Machine", "FundamentalsCSharp\BasicSyntaxConditionalStatementsAndLoops\Exercises\07. Vending Machine\07. Vending Machine.csproj", "{9F3F6453-10C1-4FF5-82BC-37110AE5BE25}"
EndProject
Project("{9A19103F-16F7-4668-BE54-9A1E7A4F7556}") = "08. Triangle of Numbers", "FundamentalsCSharp\BasicSyntaxConditionalStatementsAndLoops\Exercises\08. Triangle of Numbers\08. Triangle of Numbers.csproj", "{757F1446-C455-4A21-B8EC-8B82E76E6586}"
EndProject
Project("{9A19103F-16F7-4668-BE54-9A1E7A4F7556}") = "09. Padawan Equipment", "FundamentalsCSharp\BasicSyntaxConditionalStatementsAndLoops\Exercises\09. Padawan Equipment\09. Padawan Equipment.csproj", "{0A267F10-B8F8-4315-8DD2-7C3277F753C2}"
EndProject
Project("{9A19103F-16F7-4668-BE54-9A1E7A4F7556}") = "10. Rage Expenses", "FundamentalsCSharp\BasicSyntaxConditionalStatementsAndLoops\Exercises\10. Rage Expenses\10. Rage Expenses.csproj", "{7E2BF372-E1DC-45AA-9905-FF2F0BCD456C}"
EndProject
Project("{9A19103F-16F7-4668-BE54-9A1E7A4F7556}") = "11. Orders", "FundamentalsCSharp\BasicSyntaxConditionalStatementsAndLoops\Exercises\11. Orders\11. Orders.csproj", "{2B2F86C3-7089-4E75-A368-7F4957123C6B}"
EndProject
Project("{9A19103F-16F7-4668-BE54-9A1E7A4F7556}") = "01. Sort Numbers", "FundamentalsCSharp\BasicSyntaxConditionalStatementsAndLoops\MoreExercises\01. Sort Numbers\01. Sort Numbers.csproj", "{994E6022-889C-4856-8B4C-FDF537DC8612}"
EndProject
Project("{9A19103F-16F7-4668-BE54-9A1E7A4F7556}") = "02. English Name of the Last Digit", "FundamentalsCSharp\BasicSyntaxConditionalStatementsAndLoops\MoreExercises\02. English Name of the Last Digit\02. English Name of the Last Digit.csproj", "{79890B7C-1E63-4A26-967F-073E99ECDB0F}"
EndProject
Project("{9A19103F-16F7-4668-BE54-9A1E7A4F7556}") = "03. Gaming Store", "FundamentalsCSharp\BasicSyntaxConditionalStatementsAndLoops\MoreExercises\03. Gaming Store\03. Gaming Store.csproj", "{37543321-980E-43C1-8DEF-4E40FD5E6559}"
EndProject
Project("{9A19103F-16F7-4668-BE54-9A1E7A4F7556}") = "04. Reverse String", "FundamentalsCSharp\BasicSyntaxConditionalStatementsAndLoops\MoreExercises\04. Reverse String\04. Reverse String.csproj", "{2B19E9AF-13C9-4011-A36C-16B5014B5528}"
EndProject
Project("{9A19103F-16F7-4668-BE54-9A1E7A4F7556}") = "05. Messages", "FundamentalsCSharp\BasicSyntaxConditionalStatementsAndLoops\MoreExercises\05. Messages\05. Messages.csproj", "{7B334D46-B59A-45AB-89C6-2A41491ECE28}"
EndProject
Project("{9A19103F-16F7-4668-BE54-9A1E7A4F7556}") = "01. StudentInformation", "FundamentalsCSharp\BasicSyntaxConditionalStatementsAndLoops\Lab\01. StudentInformation\01. StudentInformation.csproj", "{E00DBB91-649F-48BF-8692-A9FC0D3DC3A7}"
EndProject
Project("{9A19103F-16F7-4668-BE54-9A1E7A4F7556}") = "02. Passed", "FundamentalsCSharp\BasicSyntaxConditionalStatementsAndLoops\Lab\02. Passed\02. Passed.csproj", "{BD0D02D8-4400-4CB8-B7A2-CD195A51FCBF}"
EndProject
Project("{9A19103F-16F7-4668-BE54-9A1E7A4F7556}") = "03. Passed or Failed", "FundamentalsCSharp\BasicSyntaxConditionalStatementsAndLoops\Lab\03. Passed or Failed\03. Passed or Failed.csproj", "{658058F9-03AA-46AA-B351-9169EB5A13B4}"
EndProject
Project("{9A19103F-16F7-4668-BE54-9A1E7A4F7556}") = "04. Back In 30 Minutes", "FundamentalsCSharp\BasicSyntaxConditionalStatementsAndLoops\Lab\04. Back In 30 Minutes\04. Back In 30 Minutes.csproj", "{546287BC-831A-478C-84C5-4250395D2C58}"
EndProject
Project("{9A19103F-16F7-4668-BE54-9A1E7A4F7556}") = "05. Month Printer", "FundamentalsCSharp\BasicSyntaxConditionalStatementsAndLoops\Lab\05. Month Printer\05. Month Printer.csproj", "{EA1EDF2B-6CA6-4687-A0B3-0EFD326C59EA}"
EndProject
Project("{9A19103F-16F7-4668-BE54-9A1E7A4F7556}") = "06. Foreign Languages", "FundamentalsCSharp\BasicSyntaxConditionalStatementsAndLoops\Lab\06. Foreign Languages\06. Foreign Languages.csproj", "{37F4E867-04C5-4B6C-9726-5243DD6DC36E}"
EndProject
Project("{9A19103F-16F7-4668-BE54-9A1E7A4F7556}") = "07. Theatre Promotion", "FundamentalsCSharp\BasicSyntaxConditionalStatementsAndLoops\Lab\07. Theatre Promotion\07. Theatre Promotion.csproj", "{CF57B2EC-BF8D-402D-A084-D0F9BA14E4A5}"
EndProject
Project("{9A19103F-16F7-4668-BE54-9A1E7A4F7556}") = "08. Divisible by 3", "FundamentalsCSharp\BasicSyntaxConditionalStatementsAndLoops\Lab\08. Divisible by 3\08. Divisible by 3.csproj", "{B721F11E-ECFD-40CE-A8E7-CE8F60BDB13D}"
EndProject
Project("{9A19103F-16F7-4668-BE54-9A1E7A4F7556}") = "09. Sum of Odd Numbers", "FundamentalsCSharp\BasicSyntaxConditionalStatementsAndLoops\Lab\09. Sum of Odd Numbers\09. Sum of Odd Numbers.csproj", "{647E112E-362C-44A9-9A95-D04A8EAB8455}"
EndProject
Project("{9A19103F-16F7-4668-BE54-9A1E7A4F7556}") = "10. Multiplication Table", "FundamentalsCSharp\BasicSyntaxConditionalStatementsAndLoops\Lab\10. Multiplication Table\10. Multiplication Table.csproj", "{8DDEFCA8-898E-46CE-AC0D-D76D906E5D35}"
EndProject
Project("{9A19103F-16F7-4668-BE54-9A1E7A4F7556}") = "11. Multiplication Table 2.0", "FundamentalsCSharp\BasicSyntaxConditionalStatementsAndLoops\Lab\11. Multiplication Table 2.0\11. Multiplication Table 2.0.csproj", "{F120DC09-C9D0-4E5D-A882-23DFC53A15E5}"
EndProject
Project("{9A19103F-16F7-4668-BE54-9A1E7A4F7556}") = "12. Even Number", "FundamentalsCSharp\BasicSyntaxConditionalStatementsAndLoops\Lab\12. Even Number\12. Even Number.csproj", "{4739B035-1262-4A52-A486-43DD92039017}"
EndProject
Project("{9A19103F-16F7-4668-BE54-9A1E7A4F7556}") = "13. Holidays Between Two Dates", "FundamentalsCSharp\BasicSyntaxConditionalStatementsAndLoops\Lab\13. Holidays Between Two Dates\13. Holidays Between Two Dates.csproj", "{04C95A66-F873-4444-BA5D-F682352B79BB}"
EndProject
Project("{FAE04EC0-301F-11D3-BF4B-00C04F79EFBC}") = "01. Data Types", "FundamentalsCSharp\Methods\MoreExercises\01. Data Types\01. Data Types.csproj", "{4A2AC8C1-F212-4870-855C-FCF5BF349090}"
EndProject
Project("{FAE04EC0-301F-11D3-BF4B-00C04F79EFBC}") = "02. Center Point", "FundamentalsCSharp\Methods\MoreExercises\02. Center Point\02. Center Point.csproj", "{197324C1-A156-4E69-B797-8FED8BABBB62}"
EndProject
Project("{FAE04EC0-301F-11D3-BF4B-00C04F79EFBC}") = "03. Longer Line", "FundamentalsCSharp\Methods\MoreExercises\03. Longer Line\03. Longer Line.csproj", "{BE97AC16-73F4-4E37-BA16-9CC1BF89A075}"
EndProject
Project("{FAE04EC0-301F-11D3-BF4B-00C04F79EFBC}") = "04. Tribonacci Sequence", "FundamentalsCSharp\Methods\MoreExercises\04. Tribonacci Sequence\04. Tribonacci Sequence.csproj", "{04BD5A90-93FF-451E-8AAC-5106DCB1FA25}"
EndProject
Project("{FAE04EC0-301F-11D3-BF4B-00C04F79EFBC}") = "05. Multiplication Sign", "FundamentalsCSharp\Methods\MoreExercises\05. Multiplication Sign\05. Multiplication Sign.csproj", "{F22068E6-4988-4381-94E7-6DCAB3FF3B24}"
EndProject
Project("{FAE04EC0-301F-11D3-BF4B-00C04F79EFBC}") = "01. Smallest of Three Numbers", "FundamentalsCSharp\Methods\Exercise\01. Smallest of Three Numbers\01. Smallest of Three Numbers.csproj", "{DB6FD71B-BED3-42A3-A50A-7A82DB5ED09A}"
EndProject
Project("{FAE04EC0-301F-11D3-BF4B-00C04F79EFBC}") = "02. Vowels Count", "FundamentalsCSharp\Methods\Exercise\02. Vowels Count\02. Vowels Count.csproj", "{1C31F7F5-F41C-4146-9F47-422C5AE1DC3A}"
EndProject
Project("{FAE04EC0-301F-11D3-BF4B-00C04F79EFBC}") = "03. Characters in Range", "FundamentalsCSharp\Methods\Exercise\03. Characters in Range\03. Characters in Range.csproj", "{8519679D-DE5E-406E-9FA6-9C08E2700C4E}"
EndProject
Project("{FAE04EC0-301F-11D3-BF4B-00C04F79EFBC}") = "04. Password Validator", "FundamentalsCSharp\Methods\Exercise\04. Password Validator\04. Password Validator.csproj", "{4A5E07E7-0A87-404F-A9DF-D90DB75D5AB1}"
EndProject
Project("{FAE04EC0-301F-11D3-BF4B-00C04F79EFBC}") = "05. Add and Subtract", "FundamentalsCSharp\Methods\Exercise\05. Add and Subtract\05. Add and Subtract.csproj", "{44F8DFF9-B44F-4AAF-8CDC-8F34904BEABB}"
EndProject
Project("{FAE04EC0-301F-11D3-BF4B-00C04F79EFBC}") = "06. Middle Characters", "FundamentalsCSharp\Methods\Exercise\06. Middle Characters\06. Middle Characters.csproj", "{EAB26D01-7CA1-4ADD-B9D4-E6D830AF2658}"
EndProject
Project("{FAE04EC0-301F-11D3-BF4B-00C04F79EFBC}") = "07. NxN Matrix", "FundamentalsCSharp\Methods\Exercise\07. NxN Matrix\07. NxN Matrix.csproj", "{E01B9528-81F9-4EDA-9CA6-B340F54CF882}"
EndProject
Project("{FAE04EC0-301F-11D3-BF4B-00C04F79EFBC}") = "08. Factorial Division", "FundamentalsCSharp\Methods\Exercise\08. Factorial Division\08. Factorial Division.csproj", "{BD8B3C95-6C79-4605-B74C-62BE936B3396}"
EndProject
Project("{FAE04EC0-301F-11D3-BF4B-00C04F79EFBC}") = "09. Palindrome Integers", "FundamentalsCSharp\Methods\Exercise\09. Palindrome Integers\09. Palindrome Integers.csproj", "{EF500C8F-C657-41E7-BE83-30438E4EC88B}"
EndProject
Project("{FAE04EC0-301F-11D3-BF4B-00C04F79EFBC}") = "10. Top Number", "FundamentalsCSharp\Methods\Exercise\10. Top Number\10. Top Number.csproj", "{E23B6722-8683-4FD0-AE6C-24D0AAF95F49}"
EndProject
Project("{FAE04EC0-301F-11D3-BF4B-00C04F79EFBC}") = "11. Array Manipulator", "FundamentalsCSharp\Methods\Exercise\11. Array Manipulator\11. Array Manipulator.csproj", "{F1D2EB80-1E19-4052-A25F-6086C10E7EED}"
EndProject
Project("{9A19103F-16F7-4668-BE54-9A1E7A4F7556}") = "01. ConvertMetersToKilometers", "FundamentalsCSharp\DataTypesAndVariables\Lab\01. ConvertMetersToKilometers\01. ConvertMetersToKilometers.csproj", "{51BA6381-C1F5-4B3A-AE4B-FA49D310887F}"
EndProject
Project("{9A19103F-16F7-4668-BE54-9A1E7A4F7556}") = "02. Pounds to Dollars", "FundamentalsCSharp\DataTypesAndVariables\Lab\02. Pounds to Dollars\02. Pounds to Dollars.csproj", "{D5ABBB2B-BD18-41E6-9E7A-7F92EA12932B}"
EndProject
Project("{9A19103F-16F7-4668-BE54-9A1E7A4F7556}") = "03. Exact Sum of Real Numbers", "FundamentalsCSharp\DataTypesAndVariables\Lab\03. Exact Sum of Real Numbers\03. Exact Sum of Real Numbers.csproj", "{888788F2-CE06-4D06-8E19-E007A9744B7A}"
EndProject
Project("{9A19103F-16F7-4668-BE54-9A1E7A4F7556}") = "04. Centuries to Minutes", "FundamentalsCSharp\DataTypesAndVariables\Lab\04. Centuries to Minutes\04. Centuries to Minutes.csproj", "{6B8FF6F3-339A-4B67-94B1-126D3B033E3D}"
EndProject
Project("{9A19103F-16F7-4668-BE54-9A1E7A4F7556}") = "05. Special Numbers", "FundamentalsCSharp\DataTypesAndVariables\Lab\05. Special Numbers\05. Special Numbers.csproj", "{F5FB3B97-60EA-4741-8062-B1B799697C62}"
EndProject
Project("{9A19103F-16F7-4668-BE54-9A1E7A4F7556}") = "07. Concat Names", "FundamentalsCSharp\DataTypesAndVariables\Lab\07. Concat Names\07. Concat Names.csproj", "{B90A0EF8-54FB-4339-B3AB-310A40CE1D4D}"
EndProject
Project("{9A19103F-16F7-4668-BE54-9A1E7A4F7556}") = "08. Town Info", "FundamentalsCSharp\DataTypesAndVariables\Lab\08. Town Info\08. Town Info.csproj", "{D59D89E3-EB69-4734-B98B-3E9A74720455}"
EndProject
Project("{9A19103F-16F7-4668-BE54-9A1E7A4F7556}") = "09. Chars to String", "FundamentalsCSharp\DataTypesAndVariables\Lab\09. Chars to String\09. Chars to String.csproj", "{B3FA73DE-0C9B-4A3E-900E-F50F6E15B9C0}"
EndProject
Project("{9A19103F-16F7-4668-BE54-9A1E7A4F7556}") = "10. Lower or Upper", "FundamentalsCSharp\DataTypesAndVariables\Lab\10. Lower or Upper\10. Lower or Upper.csproj", "{8F049277-8541-4A1D-BBE7-99D106D8282C}"
EndProject
Project("{9A19103F-16F7-4668-BE54-9A1E7A4F7556}") = "11. Refactor Volume of Pyramid", "FundamentalsCSharp\DataTypesAndVariables\Lab\11. Refactor Volume of Pyramid\11. Refactor Volume of Pyramid.csproj", "{9B187E3D-F501-45A6-93F7-F045C0773858}"
EndProject
Project("{9A19103F-16F7-4668-BE54-9A1E7A4F7556}") = "12. Refactor Special Numbers", "FundamentalsCSharp\DataTypesAndVariables\Lab\12. Refactor Special Numbers\12. Refactor Special Numbers.csproj", "{470CEAE2-638B-4D8E-AA49-7CE7415B61B7}"
EndProject
Project("{FAE04EC0-301F-11D3-BF4B-00C04F79EFBC}") = "06. Reversed Chars", "FundamentalsCSharp\DataTypesAndVariables\Lab\06. Reversed Chars\06. Reversed Chars.csproj", "{2F2A7F50-2596-44D7-AC0B-512FB72925F4}"
EndProject
Project("{9A19103F-16F7-4668-BE54-9A1E7A4F7556}") = "01. Data Type Finder", "FundamentalsCSharp\DataTypesAndVariables\MoreExercises\01. Data Type Finder\01. Data Type Finder.csproj", "{0521E186-D12F-4C28-974F-F57C4A3E9D2F}"
EndProject
Project("{9A19103F-16F7-4668-BE54-9A1E7A4F7556}") = "02. From Left to The Right", "FundamentalsCSharp\DataTypesAndVariables\MoreExercises\02. From Left to The Right\02. From Left to The Right.csproj", "{47644895-AFBC-4099-ACDC-0BB9ADD98130}"
EndProject
Project("{9A19103F-16F7-4668-BE54-9A1E7A4F7556}") = "03. Floating Equality", "FundamentalsCSharp\DataTypesAndVariables\MoreExercises\03. Floating Equality\03. Floating Equality.csproj", "{705465EF-A36F-4DBB-81A2-2A417A673993}"
EndProject
Project("{9A19103F-16F7-4668-BE54-9A1E7A4F7556}") = "04. Refactoring Prime Checker", "FundamentalsCSharp\DataTypesAndVariables\MoreExercises\04. Refactoring Prime Checker\04. Refactoring Prime Checker.csproj", "{0B29F54E-E1E2-4A20-9677-6FA944E6E68F}"
EndProject
Project("{9A19103F-16F7-4668-BE54-9A1E7A4F7556}") = "05. Decrypting Message", "FundamentalsCSharp\DataTypesAndVariables\MoreExercises\05. Decrypting Message\05. Decrypting Message.csproj", "{F2B5A3B8-2792-48C2-AC72-2E3E6DBEB9D8}"
EndProject
Project("{9A19103F-16F7-4668-BE54-9A1E7A4F7556}") = "06. Balanced Brackets", "FundamentalsCSharp\DataTypesAndVariables\MoreExercises\06. Balanced Brackets\06. Balanced Brackets.csproj", "{7FFD955D-F6A9-4232-8092-A8CC50E671E2}"
EndProject
Project("{9A19103F-16F7-4668-BE54-9A1E7A4F7556}") = "01. Integer Operations", "FundamentalsCSharp\DataTypesAndVariables\Exercise\01. Integer Operations\01. Integer Operations.csproj", "{A5C3BAF1-E6BB-4985-B893-A1B89EBC436F}"
EndProject
Project("{9A19103F-16F7-4668-BE54-9A1E7A4F7556}") = "02. Sum Digits", "FundamentalsCSharp\DataTypesAndVariables\Exercise\02. Sum Digits\02. Sum Digits.csproj", "{DA05C942-6F5C-4648-B4F3-AD6CB7F908B5}"
EndProject
Project("{9A19103F-16F7-4668-BE54-9A1E7A4F7556}") = "03. Elevator", "FundamentalsCSharp\DataTypesAndVariables\Exercise\03. Elevator\03. Elevator.csproj", "{B77699FC-53F8-4854-9D02-8CD4351C8730}"
EndProject
Project("{9A19103F-16F7-4668-BE54-9A1E7A4F7556}") = "04. Sum of Chars", "FundamentalsCSharp\DataTypesAndVariables\Exercise\04. Sum of Chars\04. Sum of Chars.csproj", "{7FA7AA68-467F-4F64-B79C-4D5A0E60D35B}"
EndProject
Project("{9A19103F-16F7-4668-BE54-9A1E7A4F7556}") = "05. Print Part Of ASCII Table", "FundamentalsCSharp\DataTypesAndVariables\Exercise\05. Print Part Of ASCII Table\05. Print Part Of ASCII Table.csproj", "{F5A87368-DD45-4087-A461-1EE84E96BF45}"
EndProject
Project("{9A19103F-16F7-4668-BE54-9A1E7A4F7556}") = "06. Triples of Latin Letters", "FundamentalsCSharp\DataTypesAndVariables\Exercise\06. Triples of Latin Letters\06. Triples of Latin Letters.csproj", "{53C44B57-3292-4272-8ECC-F8502FBE487B}"
EndProject
Project("{9A19103F-16F7-4668-BE54-9A1E7A4F7556}") = "07. Water Overflow", "FundamentalsCSharp\DataTypesAndVariables\Exercise\07. Water Overflow\07. Water Overflow.csproj", "{4F0ACCF0-AA69-44B7-B715-BCE766406775}"
EndProject
Project("{9A19103F-16F7-4668-BE54-9A1E7A4F7556}") = "08. Beer Kegs", "FundamentalsCSharp\DataTypesAndVariables\Exercise\08. Beer Kegs\08. Beer Kegs.csproj", "{A30FB48C-3D2D-4612-B154-A7A9F66F70FE}"
EndProject
Project("{9A19103F-16F7-4668-BE54-9A1E7A4F7556}") = "09. Spice Must Flow", "FundamentalsCSharp\DataTypesAndVariables\Exercise\09. Spice Must Flow\09. Spice Must Flow.csproj", "{FC33973E-10AB-4B60-955C-8CA49915ADB8}"
EndProject
Project("{9A19103F-16F7-4668-BE54-9A1E7A4F7556}") = "10. Poke Mon", "FundamentalsCSharp\DataTypesAndVariables\Exercise\10. Poke Mon\10. Poke Mon.csproj", "{6A2A58BA-86A4-4F29-B13A-5BFF2982FE2D}"
EndProject
Project("{9A19103F-16F7-4668-BE54-9A1E7A4F7556}") = "11. Snowballs", "FundamentalsCSharp\DataTypesAndVariables\Exercise\11. Snowballs\11. Snowballs.csproj", "{E1F2DF20-709E-401A-86CC-D3D36DDEAC66}"
EndProject
Global
	GlobalSection(SolutionConfigurationPlatforms) = preSolution
		Debug|Any CPU = Debug|Any CPU
		Release|Any CPU = Release|Any CPU
	EndGlobalSection
	GlobalSection(ProjectConfigurationPlatforms) = postSolution
		{C85B48D6-3EAF-401C-8B82-EF1A9A0E2585}.Debug|Any CPU.ActiveCfg = Debug|Any CPU
		{C85B48D6-3EAF-401C-8B82-EF1A9A0E2585}.Debug|Any CPU.Build.0 = Debug|Any CPU
		{C85B48D6-3EAF-401C-8B82-EF1A9A0E2585}.Release|Any CPU.ActiveCfg = Release|Any CPU
		{C85B48D6-3EAF-401C-8B82-EF1A9A0E2585}.Release|Any CPU.Build.0 = Release|Any CPU
		{4C1669FB-B1A0-4912-95A7-2F00A64A8285}.Debug|Any CPU.ActiveCfg = Debug|Any CPU
		{4C1669FB-B1A0-4912-95A7-2F00A64A8285}.Debug|Any CPU.Build.0 = Debug|Any CPU
		{4C1669FB-B1A0-4912-95A7-2F00A64A8285}.Release|Any CPU.ActiveCfg = Release|Any CPU
		{4C1669FB-B1A0-4912-95A7-2F00A64A8285}.Release|Any CPU.Build.0 = Release|Any CPU
		{CB2A6632-DF91-4B7D-A8E1-90BF10CB985B}.Debug|Any CPU.ActiveCfg = Debug|Any CPU
		{CB2A6632-DF91-4B7D-A8E1-90BF10CB985B}.Debug|Any CPU.Build.0 = Debug|Any CPU
		{CB2A6632-DF91-4B7D-A8E1-90BF10CB985B}.Release|Any CPU.ActiveCfg = Release|Any CPU
		{CB2A6632-DF91-4B7D-A8E1-90BF10CB985B}.Release|Any CPU.Build.0 = Release|Any CPU
		{24E96AE5-5E19-4910-8A6D-121FB2B75F7A}.Debug|Any CPU.ActiveCfg = Debug|Any CPU
		{24E96AE5-5E19-4910-8A6D-121FB2B75F7A}.Debug|Any CPU.Build.0 = Debug|Any CPU
		{24E96AE5-5E19-4910-8A6D-121FB2B75F7A}.Release|Any CPU.ActiveCfg = Release|Any CPU
		{24E96AE5-5E19-4910-8A6D-121FB2B75F7A}.Release|Any CPU.Build.0 = Release|Any CPU
		{03C5A2CA-22DE-4F79-AC42-F6DD2D1FA948}.Debug|Any CPU.ActiveCfg = Debug|Any CPU
		{03C5A2CA-22DE-4F79-AC42-F6DD2D1FA948}.Debug|Any CPU.Build.0 = Debug|Any CPU
		{03C5A2CA-22DE-4F79-AC42-F6DD2D1FA948}.Release|Any CPU.ActiveCfg = Release|Any CPU
		{03C5A2CA-22DE-4F79-AC42-F6DD2D1FA948}.Release|Any CPU.Build.0 = Release|Any CPU
		{E5462DF1-5266-417B-908D-D1CD0B8856E3}.Debug|Any CPU.ActiveCfg = Debug|Any CPU
		{E5462DF1-5266-417B-908D-D1CD0B8856E3}.Debug|Any CPU.Build.0 = Debug|Any CPU
		{E5462DF1-5266-417B-908D-D1CD0B8856E3}.Release|Any CPU.ActiveCfg = Release|Any CPU
		{E5462DF1-5266-417B-908D-D1CD0B8856E3}.Release|Any CPU.Build.0 = Release|Any CPU
		{35FCFD68-C72B-4E0C-8BFB-016083266C1A}.Debug|Any CPU.ActiveCfg = Debug|Any CPU
		{35FCFD68-C72B-4E0C-8BFB-016083266C1A}.Debug|Any CPU.Build.0 = Debug|Any CPU
		{35FCFD68-C72B-4E0C-8BFB-016083266C1A}.Release|Any CPU.ActiveCfg = Release|Any CPU
		{35FCFD68-C72B-4E0C-8BFB-016083266C1A}.Release|Any CPU.Build.0 = Release|Any CPU
		{F9E4AC4F-475C-43DC-AF47-4DD5023A994C}.Debug|Any CPU.ActiveCfg = Debug|Any CPU
		{F9E4AC4F-475C-43DC-AF47-4DD5023A994C}.Debug|Any CPU.Build.0 = Debug|Any CPU
		{F9E4AC4F-475C-43DC-AF47-4DD5023A994C}.Release|Any CPU.ActiveCfg = Release|Any CPU
		{F9E4AC4F-475C-43DC-AF47-4DD5023A994C}.Release|Any CPU.Build.0 = Release|Any CPU
		{A948B195-C30D-4DDD-84C3-415F7162E4A2}.Debug|Any CPU.ActiveCfg = Debug|Any CPU
		{A948B195-C30D-4DDD-84C3-415F7162E4A2}.Debug|Any CPU.Build.0 = Debug|Any CPU
		{A948B195-C30D-4DDD-84C3-415F7162E4A2}.Release|Any CPU.ActiveCfg = Release|Any CPU
		{A948B195-C30D-4DDD-84C3-415F7162E4A2}.Release|Any CPU.Build.0 = Release|Any CPU
		{F0B254BB-E9D4-43AF-AC07-B1538CD56613}.Debug|Any CPU.ActiveCfg = Debug|Any CPU
		{F0B254BB-E9D4-43AF-AC07-B1538CD56613}.Debug|Any CPU.Build.0 = Debug|Any CPU
		{F0B254BB-E9D4-43AF-AC07-B1538CD56613}.Release|Any CPU.ActiveCfg = Release|Any CPU
		{F0B254BB-E9D4-43AF-AC07-B1538CD56613}.Release|Any CPU.Build.0 = Release|Any CPU
		{3A5B3733-FD0D-4A37-9543-735B036984C0}.Debug|Any CPU.ActiveCfg = Debug|Any CPU
		{3A5B3733-FD0D-4A37-9543-735B036984C0}.Debug|Any CPU.Build.0 = Debug|Any CPU
		{3A5B3733-FD0D-4A37-9543-735B036984C0}.Release|Any CPU.ActiveCfg = Release|Any CPU
		{3A5B3733-FD0D-4A37-9543-735B036984C0}.Release|Any CPU.Build.0 = Release|Any CPU
		{E8517A78-8C0A-4888-B6AC-8ABAD398B6FB}.Debug|Any CPU.ActiveCfg = Debug|Any CPU
		{E8517A78-8C0A-4888-B6AC-8ABAD398B6FB}.Debug|Any CPU.Build.0 = Debug|Any CPU
		{E8517A78-8C0A-4888-B6AC-8ABAD398B6FB}.Release|Any CPU.ActiveCfg = Release|Any CPU
		{E8517A78-8C0A-4888-B6AC-8ABAD398B6FB}.Release|Any CPU.Build.0 = Release|Any CPU
		{8F4F5D7C-F22B-4D6A-A33E-5B8990CD3348}.Debug|Any CPU.ActiveCfg = Debug|Any CPU
		{8F4F5D7C-F22B-4D6A-A33E-5B8990CD3348}.Debug|Any CPU.Build.0 = Debug|Any CPU
		{8F4F5D7C-F22B-4D6A-A33E-5B8990CD3348}.Release|Any CPU.ActiveCfg = Release|Any CPU
		{8F4F5D7C-F22B-4D6A-A33E-5B8990CD3348}.Release|Any CPU.Build.0 = Release|Any CPU
		{5B3E835F-F497-4944-B9F3-D38C05AD9D28}.Debug|Any CPU.ActiveCfg = Debug|Any CPU
		{5B3E835F-F497-4944-B9F3-D38C05AD9D28}.Debug|Any CPU.Build.0 = Debug|Any CPU
		{5B3E835F-F497-4944-B9F3-D38C05AD9D28}.Release|Any CPU.ActiveCfg = Release|Any CPU
		{5B3E835F-F497-4944-B9F3-D38C05AD9D28}.Release|Any CPU.Build.0 = Release|Any CPU
		{94843E3B-3069-4CD8-B4D5-6C6A286D7ED4}.Debug|Any CPU.ActiveCfg = Debug|Any CPU
		{94843E3B-3069-4CD8-B4D5-6C6A286D7ED4}.Debug|Any CPU.Build.0 = Debug|Any CPU
		{94843E3B-3069-4CD8-B4D5-6C6A286D7ED4}.Release|Any CPU.ActiveCfg = Release|Any CPU
		{94843E3B-3069-4CD8-B4D5-6C6A286D7ED4}.Release|Any CPU.Build.0 = Release|Any CPU
		{91A3DEEB-63A1-4D80-9DBD-72263CB8A8D0}.Debug|Any CPU.ActiveCfg = Debug|Any CPU
		{91A3DEEB-63A1-4D80-9DBD-72263CB8A8D0}.Debug|Any CPU.Build.0 = Debug|Any CPU
		{91A3DEEB-63A1-4D80-9DBD-72263CB8A8D0}.Release|Any CPU.ActiveCfg = Release|Any CPU
		{91A3DEEB-63A1-4D80-9DBD-72263CB8A8D0}.Release|Any CPU.Build.0 = Release|Any CPU
		{E684773F-9932-40ED-BF3B-CF952759EC78}.Debug|Any CPU.ActiveCfg = Debug|Any CPU
		{E684773F-9932-40ED-BF3B-CF952759EC78}.Debug|Any CPU.Build.0 = Debug|Any CPU
		{E684773F-9932-40ED-BF3B-CF952759EC78}.Release|Any CPU.ActiveCfg = Release|Any CPU
		{E684773F-9932-40ED-BF3B-CF952759EC78}.Release|Any CPU.Build.0 = Release|Any CPU
		{556745A1-D35E-45D8-A85B-501C7BD0206F}.Debug|Any CPU.ActiveCfg = Debug|Any CPU
		{556745A1-D35E-45D8-A85B-501C7BD0206F}.Debug|Any CPU.Build.0 = Debug|Any CPU
		{556745A1-D35E-45D8-A85B-501C7BD0206F}.Release|Any CPU.ActiveCfg = Release|Any CPU
		{556745A1-D35E-45D8-A85B-501C7BD0206F}.Release|Any CPU.Build.0 = Release|Any CPU
		{03E387C5-E3E4-4F84-AE98-8E870035DBAE}.Debug|Any CPU.ActiveCfg = Debug|Any CPU
		{03E387C5-E3E4-4F84-AE98-8E870035DBAE}.Debug|Any CPU.Build.0 = Debug|Any CPU
		{03E387C5-E3E4-4F84-AE98-8E870035DBAE}.Release|Any CPU.ActiveCfg = Release|Any CPU
		{03E387C5-E3E4-4F84-AE98-8E870035DBAE}.Release|Any CPU.Build.0 = Release|Any CPU
		{179AFE4F-C783-482A-A6F4-6E3F1ED88204}.Debug|Any CPU.ActiveCfg = Debug|Any CPU
		{179AFE4F-C783-482A-A6F4-6E3F1ED88204}.Debug|Any CPU.Build.0 = Debug|Any CPU
		{179AFE4F-C783-482A-A6F4-6E3F1ED88204}.Release|Any CPU.ActiveCfg = Release|Any CPU
		{179AFE4F-C783-482A-A6F4-6E3F1ED88204}.Release|Any CPU.Build.0 = Release|Any CPU
		{4AA9FE5B-28AA-446B-A82A-D5B04E886017}.Debug|Any CPU.ActiveCfg = Debug|Any CPU
		{4AA9FE5B-28AA-446B-A82A-D5B04E886017}.Debug|Any CPU.Build.0 = Debug|Any CPU
		{4AA9FE5B-28AA-446B-A82A-D5B04E886017}.Release|Any CPU.ActiveCfg = Release|Any CPU
		{4AA9FE5B-28AA-446B-A82A-D5B04E886017}.Release|Any CPU.Build.0 = Release|Any CPU
		{D4601201-CCD6-468E-B901-EC3E7603A011}.Debug|Any CPU.ActiveCfg = Debug|Any CPU
		{D4601201-CCD6-468E-B901-EC3E7603A011}.Debug|Any CPU.Build.0 = Debug|Any CPU
		{D4601201-CCD6-468E-B901-EC3E7603A011}.Release|Any CPU.ActiveCfg = Release|Any CPU
		{D4601201-CCD6-468E-B901-EC3E7603A011}.Release|Any CPU.Build.0 = Release|Any CPU
		{29F85A8B-1006-4916-80CD-8091AAA8A9B0}.Debug|Any CPU.ActiveCfg = Debug|Any CPU
		{29F85A8B-1006-4916-80CD-8091AAA8A9B0}.Debug|Any CPU.Build.0 = Debug|Any CPU
		{29F85A8B-1006-4916-80CD-8091AAA8A9B0}.Release|Any CPU.ActiveCfg = Release|Any CPU
		{29F85A8B-1006-4916-80CD-8091AAA8A9B0}.Release|Any CPU.Build.0 = Release|Any CPU
		{8FE8E977-B951-4F2A-99F2-C33284F6F23F}.Debug|Any CPU.ActiveCfg = Debug|Any CPU
		{8FE8E977-B951-4F2A-99F2-C33284F6F23F}.Debug|Any CPU.Build.0 = Debug|Any CPU
		{8FE8E977-B951-4F2A-99F2-C33284F6F23F}.Release|Any CPU.ActiveCfg = Release|Any CPU
		{8FE8E977-B951-4F2A-99F2-C33284F6F23F}.Release|Any CPU.Build.0 = Release|Any CPU
		{F85F34B6-2B40-4672-BA12-FE214666E558}.Debug|Any CPU.ActiveCfg = Debug|Any CPU
		{F85F34B6-2B40-4672-BA12-FE214666E558}.Debug|Any CPU.Build.0 = Debug|Any CPU
		{F85F34B6-2B40-4672-BA12-FE214666E558}.Release|Any CPU.ActiveCfg = Release|Any CPU
		{F85F34B6-2B40-4672-BA12-FE214666E558}.Release|Any CPU.Build.0 = Release|Any CPU
		{AAE00A66-4F90-43FF-8DFB-E452473D670B}.Debug|Any CPU.ActiveCfg = Debug|Any CPU
		{AAE00A66-4F90-43FF-8DFB-E452473D670B}.Debug|Any CPU.Build.0 = Debug|Any CPU
		{AAE00A66-4F90-43FF-8DFB-E452473D670B}.Release|Any CPU.ActiveCfg = Release|Any CPU
		{AAE00A66-4F90-43FF-8DFB-E452473D670B}.Release|Any CPU.Build.0 = Release|Any CPU
		{E8482FF0-2D27-4D77-949E-6CC1C7BD57DC}.Debug|Any CPU.ActiveCfg = Debug|Any CPU
		{E8482FF0-2D27-4D77-949E-6CC1C7BD57DC}.Debug|Any CPU.Build.0 = Debug|Any CPU
		{E8482FF0-2D27-4D77-949E-6CC1C7BD57DC}.Release|Any CPU.ActiveCfg = Release|Any CPU
		{E8482FF0-2D27-4D77-949E-6CC1C7BD57DC}.Release|Any CPU.Build.0 = Release|Any CPU
		{5A4DED51-8F95-4887-8C80-F42AE57EB2DD}.Debug|Any CPU.ActiveCfg = Debug|Any CPU
		{5A4DED51-8F95-4887-8C80-F42AE57EB2DD}.Debug|Any CPU.Build.0 = Debug|Any CPU
		{5A4DED51-8F95-4887-8C80-F42AE57EB2DD}.Release|Any CPU.ActiveCfg = Release|Any CPU
		{5A4DED51-8F95-4887-8C80-F42AE57EB2DD}.Release|Any CPU.Build.0 = Release|Any CPU
		{F8756CA5-3905-4BF9-BFF9-8618D10958DE}.Debug|Any CPU.ActiveCfg = Debug|Any CPU
		{F8756CA5-3905-4BF9-BFF9-8618D10958DE}.Debug|Any CPU.Build.0 = Debug|Any CPU
		{F8756CA5-3905-4BF9-BFF9-8618D10958DE}.Release|Any CPU.ActiveCfg = Release|Any CPU
		{F8756CA5-3905-4BF9-BFF9-8618D10958DE}.Release|Any CPU.Build.0 = Release|Any CPU
		{642642A0-E619-4BC3-8B3F-41737CB3C957}.Debug|Any CPU.ActiveCfg = Debug|Any CPU
		{642642A0-E619-4BC3-8B3F-41737CB3C957}.Debug|Any CPU.Build.0 = Debug|Any CPU
		{642642A0-E619-4BC3-8B3F-41737CB3C957}.Release|Any CPU.ActiveCfg = Release|Any CPU
		{642642A0-E619-4BC3-8B3F-41737CB3C957}.Release|Any CPU.Build.0 = Release|Any CPU
		{2CAF4E3A-9694-446D-B635-A52067EC4057}.Debug|Any CPU.ActiveCfg = Debug|Any CPU
		{2CAF4E3A-9694-446D-B635-A52067EC4057}.Debug|Any CPU.Build.0 = Debug|Any CPU
		{2CAF4E3A-9694-446D-B635-A52067EC4057}.Release|Any CPU.ActiveCfg = Release|Any CPU
		{2CAF4E3A-9694-446D-B635-A52067EC4057}.Release|Any CPU.Build.0 = Release|Any CPU
		{B988F748-EE42-4B26-88BA-FE159D7DE663}.Debug|Any CPU.ActiveCfg = Debug|Any CPU
		{B988F748-EE42-4B26-88BA-FE159D7DE663}.Debug|Any CPU.Build.0 = Debug|Any CPU
		{B988F748-EE42-4B26-88BA-FE159D7DE663}.Release|Any CPU.ActiveCfg = Release|Any CPU
		{B988F748-EE42-4B26-88BA-FE159D7DE663}.Release|Any CPU.Build.0 = Release|Any CPU
		{DE141AA6-2D3E-4E40-AB6F-C1E38B55EAEE}.Debug|Any CPU.ActiveCfg = Debug|Any CPU
		{DE141AA6-2D3E-4E40-AB6F-C1E38B55EAEE}.Debug|Any CPU.Build.0 = Debug|Any CPU
		{DE141AA6-2D3E-4E40-AB6F-C1E38B55EAEE}.Release|Any CPU.ActiveCfg = Release|Any CPU
		{DE141AA6-2D3E-4E40-AB6F-C1E38B55EAEE}.Release|Any CPU.Build.0 = Release|Any CPU
		{19D6FA96-07B3-4955-B68C-078D5029F34B}.Debug|Any CPU.ActiveCfg = Debug|Any CPU
		{19D6FA96-07B3-4955-B68C-078D5029F34B}.Debug|Any CPU.Build.0 = Debug|Any CPU
		{19D6FA96-07B3-4955-B68C-078D5029F34B}.Release|Any CPU.ActiveCfg = Release|Any CPU
		{19D6FA96-07B3-4955-B68C-078D5029F34B}.Release|Any CPU.Build.0 = Release|Any CPU
		{649C2AC7-69D3-4AA3-8992-288BAF62FDA4}.Debug|Any CPU.ActiveCfg = Debug|Any CPU
		{649C2AC7-69D3-4AA3-8992-288BAF62FDA4}.Debug|Any CPU.Build.0 = Debug|Any CPU
		{649C2AC7-69D3-4AA3-8992-288BAF62FDA4}.Release|Any CPU.ActiveCfg = Release|Any CPU
		{649C2AC7-69D3-4AA3-8992-288BAF62FDA4}.Release|Any CPU.Build.0 = Release|Any CPU
		{1B293653-E84B-42DB-B3C1-B69CF1B747CC}.Debug|Any CPU.ActiveCfg = Debug|Any CPU
		{1B293653-E84B-42DB-B3C1-B69CF1B747CC}.Debug|Any CPU.Build.0 = Debug|Any CPU
		{1B293653-E84B-42DB-B3C1-B69CF1B747CC}.Release|Any CPU.ActiveCfg = Release|Any CPU
		{1B293653-E84B-42DB-B3C1-B69CF1B747CC}.Release|Any CPU.Build.0 = Release|Any CPU
		{00CCE14D-D1F5-4DD0-BBB1-A671A7D96E9A}.Debug|Any CPU.ActiveCfg = Debug|Any CPU
		{00CCE14D-D1F5-4DD0-BBB1-A671A7D96E9A}.Debug|Any CPU.Build.0 = Debug|Any CPU
		{00CCE14D-D1F5-4DD0-BBB1-A671A7D96E9A}.Release|Any CPU.ActiveCfg = Release|Any CPU
		{00CCE14D-D1F5-4DD0-BBB1-A671A7D96E9A}.Release|Any CPU.Build.0 = Release|Any CPU
		{029129FD-27D8-4E0A-9432-A8B0BD8BCAF5}.Debug|Any CPU.ActiveCfg = Debug|Any CPU
		{029129FD-27D8-4E0A-9432-A8B0BD8BCAF5}.Debug|Any CPU.Build.0 = Debug|Any CPU
		{029129FD-27D8-4E0A-9432-A8B0BD8BCAF5}.Release|Any CPU.ActiveCfg = Release|Any CPU
		{029129FD-27D8-4E0A-9432-A8B0BD8BCAF5}.Release|Any CPU.Build.0 = Release|Any CPU
		{0F4D7345-36C4-490A-99C9-1EC7C8DA2F5A}.Debug|Any CPU.ActiveCfg = Debug|Any CPU
		{0F4D7345-36C4-490A-99C9-1EC7C8DA2F5A}.Debug|Any CPU.Build.0 = Debug|Any CPU
		{0F4D7345-36C4-490A-99C9-1EC7C8DA2F5A}.Release|Any CPU.ActiveCfg = Release|Any CPU
		{0F4D7345-36C4-490A-99C9-1EC7C8DA2F5A}.Release|Any CPU.Build.0 = Release|Any CPU
		{C260C7FE-8E9E-457E-8C3A-49F88884014F}.Debug|Any CPU.ActiveCfg = Debug|Any CPU
		{C260C7FE-8E9E-457E-8C3A-49F88884014F}.Debug|Any CPU.Build.0 = Debug|Any CPU
		{C260C7FE-8E9E-457E-8C3A-49F88884014F}.Release|Any CPU.ActiveCfg = Release|Any CPU
		{C260C7FE-8E9E-457E-8C3A-49F88884014F}.Release|Any CPU.Build.0 = Release|Any CPU
		{C9136ECC-07E1-4211-8DFE-B72FDF757FA7}.Debug|Any CPU.ActiveCfg = Debug|Any CPU
		{C9136ECC-07E1-4211-8DFE-B72FDF757FA7}.Debug|Any CPU.Build.0 = Debug|Any CPU
		{C9136ECC-07E1-4211-8DFE-B72FDF757FA7}.Release|Any CPU.ActiveCfg = Release|Any CPU
		{C9136ECC-07E1-4211-8DFE-B72FDF757FA7}.Release|Any CPU.Build.0 = Release|Any CPU
		{9F3F6453-10C1-4FF5-82BC-37110AE5BE25}.Debug|Any CPU.ActiveCfg = Debug|Any CPU
		{9F3F6453-10C1-4FF5-82BC-37110AE5BE25}.Debug|Any CPU.Build.0 = Debug|Any CPU
		{9F3F6453-10C1-4FF5-82BC-37110AE5BE25}.Release|Any CPU.ActiveCfg = Release|Any CPU
		{9F3F6453-10C1-4FF5-82BC-37110AE5BE25}.Release|Any CPU.Build.0 = Release|Any CPU
		{757F1446-C455-4A21-B8EC-8B82E76E6586}.Debug|Any CPU.ActiveCfg = Debug|Any CPU
		{757F1446-C455-4A21-B8EC-8B82E76E6586}.Debug|Any CPU.Build.0 = Debug|Any CPU
		{757F1446-C455-4A21-B8EC-8B82E76E6586}.Release|Any CPU.ActiveCfg = Release|Any CPU
		{757F1446-C455-4A21-B8EC-8B82E76E6586}.Release|Any CPU.Build.0 = Release|Any CPU
		{0A267F10-B8F8-4315-8DD2-7C3277F753C2}.Debug|Any CPU.ActiveCfg = Debug|Any CPU
		{0A267F10-B8F8-4315-8DD2-7C3277F753C2}.Debug|Any CPU.Build.0 = Debug|Any CPU
		{0A267F10-B8F8-4315-8DD2-7C3277F753C2}.Release|Any CPU.ActiveCfg = Release|Any CPU
		{0A267F10-B8F8-4315-8DD2-7C3277F753C2}.Release|Any CPU.Build.0 = Release|Any CPU
		{7E2BF372-E1DC-45AA-9905-FF2F0BCD456C}.Debug|Any CPU.ActiveCfg = Debug|Any CPU
		{7E2BF372-E1DC-45AA-9905-FF2F0BCD456C}.Debug|Any CPU.Build.0 = Debug|Any CPU
		{7E2BF372-E1DC-45AA-9905-FF2F0BCD456C}.Release|Any CPU.ActiveCfg = Release|Any CPU
		{7E2BF372-E1DC-45AA-9905-FF2F0BCD456C}.Release|Any CPU.Build.0 = Release|Any CPU
		{2B2F86C3-7089-4E75-A368-7F4957123C6B}.Debug|Any CPU.ActiveCfg = Debug|Any CPU
		{2B2F86C3-7089-4E75-A368-7F4957123C6B}.Debug|Any CPU.Build.0 = Debug|Any CPU
		{2B2F86C3-7089-4E75-A368-7F4957123C6B}.Release|Any CPU.ActiveCfg = Release|Any CPU
		{2B2F86C3-7089-4E75-A368-7F4957123C6B}.Release|Any CPU.Build.0 = Release|Any CPU
		{994E6022-889C-4856-8B4C-FDF537DC8612}.Debug|Any CPU.ActiveCfg = Debug|Any CPU
		{994E6022-889C-4856-8B4C-FDF537DC8612}.Debug|Any CPU.Build.0 = Debug|Any CPU
		{994E6022-889C-4856-8B4C-FDF537DC8612}.Release|Any CPU.ActiveCfg = Release|Any CPU
		{994E6022-889C-4856-8B4C-FDF537DC8612}.Release|Any CPU.Build.0 = Release|Any CPU
		{79890B7C-1E63-4A26-967F-073E99ECDB0F}.Debug|Any CPU.ActiveCfg = Debug|Any CPU
		{79890B7C-1E63-4A26-967F-073E99ECDB0F}.Debug|Any CPU.Build.0 = Debug|Any CPU
		{79890B7C-1E63-4A26-967F-073E99ECDB0F}.Release|Any CPU.ActiveCfg = Release|Any CPU
		{79890B7C-1E63-4A26-967F-073E99ECDB0F}.Release|Any CPU.Build.0 = Release|Any CPU
		{37543321-980E-43C1-8DEF-4E40FD5E6559}.Debug|Any CPU.ActiveCfg = Debug|Any CPU
		{37543321-980E-43C1-8DEF-4E40FD5E6559}.Debug|Any CPU.Build.0 = Debug|Any CPU
		{37543321-980E-43C1-8DEF-4E40FD5E6559}.Release|Any CPU.ActiveCfg = Release|Any CPU
		{37543321-980E-43C1-8DEF-4E40FD5E6559}.Release|Any CPU.Build.0 = Release|Any CPU
		{2B19E9AF-13C9-4011-A36C-16B5014B5528}.Debug|Any CPU.ActiveCfg = Debug|Any CPU
		{2B19E9AF-13C9-4011-A36C-16B5014B5528}.Debug|Any CPU.Build.0 = Debug|Any CPU
		{2B19E9AF-13C9-4011-A36C-16B5014B5528}.Release|Any CPU.ActiveCfg = Release|Any CPU
		{2B19E9AF-13C9-4011-A36C-16B5014B5528}.Release|Any CPU.Build.0 = Release|Any CPU
		{7B334D46-B59A-45AB-89C6-2A41491ECE28}.Debug|Any CPU.ActiveCfg = Debug|Any CPU
		{7B334D46-B59A-45AB-89C6-2A41491ECE28}.Debug|Any CPU.Build.0 = Debug|Any CPU
		{7B334D46-B59A-45AB-89C6-2A41491ECE28}.Release|Any CPU.ActiveCfg = Release|Any CPU
		{7B334D46-B59A-45AB-89C6-2A41491ECE28}.Release|Any CPU.Build.0 = Release|Any CPU
		{E00DBB91-649F-48BF-8692-A9FC0D3DC3A7}.Debug|Any CPU.ActiveCfg = Debug|Any CPU
		{E00DBB91-649F-48BF-8692-A9FC0D3DC3A7}.Debug|Any CPU.Build.0 = Debug|Any CPU
		{E00DBB91-649F-48BF-8692-A9FC0D3DC3A7}.Release|Any CPU.ActiveCfg = Release|Any CPU
		{E00DBB91-649F-48BF-8692-A9FC0D3DC3A7}.Release|Any CPU.Build.0 = Release|Any CPU
		{BD0D02D8-4400-4CB8-B7A2-CD195A51FCBF}.Debug|Any CPU.ActiveCfg = Debug|Any CPU
		{BD0D02D8-4400-4CB8-B7A2-CD195A51FCBF}.Debug|Any CPU.Build.0 = Debug|Any CPU
		{BD0D02D8-4400-4CB8-B7A2-CD195A51FCBF}.Release|Any CPU.ActiveCfg = Release|Any CPU
		{BD0D02D8-4400-4CB8-B7A2-CD195A51FCBF}.Release|Any CPU.Build.0 = Release|Any CPU
		{658058F9-03AA-46AA-B351-9169EB5A13B4}.Debug|Any CPU.ActiveCfg = Debug|Any CPU
		{658058F9-03AA-46AA-B351-9169EB5A13B4}.Debug|Any CPU.Build.0 = Debug|Any CPU
		{658058F9-03AA-46AA-B351-9169EB5A13B4}.Release|Any CPU.ActiveCfg = Release|Any CPU
		{658058F9-03AA-46AA-B351-9169EB5A13B4}.Release|Any CPU.Build.0 = Release|Any CPU
		{546287BC-831A-478C-84C5-4250395D2C58}.Debug|Any CPU.ActiveCfg = Debug|Any CPU
		{546287BC-831A-478C-84C5-4250395D2C58}.Debug|Any CPU.Build.0 = Debug|Any CPU
		{546287BC-831A-478C-84C5-4250395D2C58}.Release|Any CPU.ActiveCfg = Release|Any CPU
		{546287BC-831A-478C-84C5-4250395D2C58}.Release|Any CPU.Build.0 = Release|Any CPU
		{EA1EDF2B-6CA6-4687-A0B3-0EFD326C59EA}.Debug|Any CPU.ActiveCfg = Debug|Any CPU
		{EA1EDF2B-6CA6-4687-A0B3-0EFD326C59EA}.Debug|Any CPU.Build.0 = Debug|Any CPU
		{EA1EDF2B-6CA6-4687-A0B3-0EFD326C59EA}.Release|Any CPU.ActiveCfg = Release|Any CPU
		{EA1EDF2B-6CA6-4687-A0B3-0EFD326C59EA}.Release|Any CPU.Build.0 = Release|Any CPU
		{37F4E867-04C5-4B6C-9726-5243DD6DC36E}.Debug|Any CPU.ActiveCfg = Debug|Any CPU
		{37F4E867-04C5-4B6C-9726-5243DD6DC36E}.Debug|Any CPU.Build.0 = Debug|Any CPU
		{37F4E867-04C5-4B6C-9726-5243DD6DC36E}.Release|Any CPU.ActiveCfg = Release|Any CPU
		{37F4E867-04C5-4B6C-9726-5243DD6DC36E}.Release|Any CPU.Build.0 = Release|Any CPU
		{CF57B2EC-BF8D-402D-A084-D0F9BA14E4A5}.Debug|Any CPU.ActiveCfg = Debug|Any CPU
		{CF57B2EC-BF8D-402D-A084-D0F9BA14E4A5}.Debug|Any CPU.Build.0 = Debug|Any CPU
		{CF57B2EC-BF8D-402D-A084-D0F9BA14E4A5}.Release|Any CPU.ActiveCfg = Release|Any CPU
		{CF57B2EC-BF8D-402D-A084-D0F9BA14E4A5}.Release|Any CPU.Build.0 = Release|Any CPU
		{B721F11E-ECFD-40CE-A8E7-CE8F60BDB13D}.Debug|Any CPU.ActiveCfg = Debug|Any CPU
		{B721F11E-ECFD-40CE-A8E7-CE8F60BDB13D}.Debug|Any CPU.Build.0 = Debug|Any CPU
		{B721F11E-ECFD-40CE-A8E7-CE8F60BDB13D}.Release|Any CPU.ActiveCfg = Release|Any CPU
		{B721F11E-ECFD-40CE-A8E7-CE8F60BDB13D}.Release|Any CPU.Build.0 = Release|Any CPU
		{647E112E-362C-44A9-9A95-D04A8EAB8455}.Debug|Any CPU.ActiveCfg = Debug|Any CPU
		{647E112E-362C-44A9-9A95-D04A8EAB8455}.Debug|Any CPU.Build.0 = Debug|Any CPU
		{647E112E-362C-44A9-9A95-D04A8EAB8455}.Release|Any CPU.ActiveCfg = Release|Any CPU
		{647E112E-362C-44A9-9A95-D04A8EAB8455}.Release|Any CPU.Build.0 = Release|Any CPU
		{8DDEFCA8-898E-46CE-AC0D-D76D906E5D35}.Debug|Any CPU.ActiveCfg = Debug|Any CPU
		{8DDEFCA8-898E-46CE-AC0D-D76D906E5D35}.Debug|Any CPU.Build.0 = Debug|Any CPU
		{8DDEFCA8-898E-46CE-AC0D-D76D906E5D35}.Release|Any CPU.ActiveCfg = Release|Any CPU
		{8DDEFCA8-898E-46CE-AC0D-D76D906E5D35}.Release|Any CPU.Build.0 = Release|Any CPU
		{F120DC09-C9D0-4E5D-A882-23DFC53A15E5}.Debug|Any CPU.ActiveCfg = Debug|Any CPU
		{F120DC09-C9D0-4E5D-A882-23DFC53A15E5}.Debug|Any CPU.Build.0 = Debug|Any CPU
		{F120DC09-C9D0-4E5D-A882-23DFC53A15E5}.Release|Any CPU.ActiveCfg = Release|Any CPU
		{F120DC09-C9D0-4E5D-A882-23DFC53A15E5}.Release|Any CPU.Build.0 = Release|Any CPU
		{4739B035-1262-4A52-A486-43DD92039017}.Debug|Any CPU.ActiveCfg = Debug|Any CPU
		{4739B035-1262-4A52-A486-43DD92039017}.Debug|Any CPU.Build.0 = Debug|Any CPU
		{4739B035-1262-4A52-A486-43DD92039017}.Release|Any CPU.ActiveCfg = Release|Any CPU
		{4739B035-1262-4A52-A486-43DD92039017}.Release|Any CPU.Build.0 = Release|Any CPU
		{04C95A66-F873-4444-BA5D-F682352B79BB}.Debug|Any CPU.ActiveCfg = Debug|Any CPU
		{04C95A66-F873-4444-BA5D-F682352B79BB}.Debug|Any CPU.Build.0 = Debug|Any CPU
		{04C95A66-F873-4444-BA5D-F682352B79BB}.Release|Any CPU.ActiveCfg = Release|Any CPU
		{04C95A66-F873-4444-BA5D-F682352B79BB}.Release|Any CPU.Build.0 = Release|Any CPU
		{4A2AC8C1-F212-4870-855C-FCF5BF349090}.Debug|Any CPU.ActiveCfg = Debug|Any CPU
		{4A2AC8C1-F212-4870-855C-FCF5BF349090}.Debug|Any CPU.Build.0 = Debug|Any CPU
		{4A2AC8C1-F212-4870-855C-FCF5BF349090}.Release|Any CPU.ActiveCfg = Release|Any CPU
		{4A2AC8C1-F212-4870-855C-FCF5BF349090}.Release|Any CPU.Build.0 = Release|Any CPU
		{197324C1-A156-4E69-B797-8FED8BABBB62}.Debug|Any CPU.ActiveCfg = Debug|Any CPU
		{197324C1-A156-4E69-B797-8FED8BABBB62}.Debug|Any CPU.Build.0 = Debug|Any CPU
		{197324C1-A156-4E69-B797-8FED8BABBB62}.Release|Any CPU.ActiveCfg = Release|Any CPU
		{197324C1-A156-4E69-B797-8FED8BABBB62}.Release|Any CPU.Build.0 = Release|Any CPU
		{BE97AC16-73F4-4E37-BA16-9CC1BF89A075}.Debug|Any CPU.ActiveCfg = Debug|Any CPU
		{BE97AC16-73F4-4E37-BA16-9CC1BF89A075}.Debug|Any CPU.Build.0 = Debug|Any CPU
		{BE97AC16-73F4-4E37-BA16-9CC1BF89A075}.Release|Any CPU.ActiveCfg = Release|Any CPU
		{BE97AC16-73F4-4E37-BA16-9CC1BF89A075}.Release|Any CPU.Build.0 = Release|Any CPU
		{04BD5A90-93FF-451E-8AAC-5106DCB1FA25}.Debug|Any CPU.ActiveCfg = Debug|Any CPU
		{04BD5A90-93FF-451E-8AAC-5106DCB1FA25}.Debug|Any CPU.Build.0 = Debug|Any CPU
		{04BD5A90-93FF-451E-8AAC-5106DCB1FA25}.Release|Any CPU.ActiveCfg = Release|Any CPU
		{04BD5A90-93FF-451E-8AAC-5106DCB1FA25}.Release|Any CPU.Build.0 = Release|Any CPU
		{F22068E6-4988-4381-94E7-6DCAB3FF3B24}.Debug|Any CPU.ActiveCfg = Debug|Any CPU
		{F22068E6-4988-4381-94E7-6DCAB3FF3B24}.Debug|Any CPU.Build.0 = Debug|Any CPU
		{F22068E6-4988-4381-94E7-6DCAB3FF3B24}.Release|Any CPU.ActiveCfg = Release|Any CPU
		{F22068E6-4988-4381-94E7-6DCAB3FF3B24}.Release|Any CPU.Build.0 = Release|Any CPU
		{DB6FD71B-BED3-42A3-A50A-7A82DB5ED09A}.Debug|Any CPU.ActiveCfg = Debug|Any CPU
		{DB6FD71B-BED3-42A3-A50A-7A82DB5ED09A}.Debug|Any CPU.Build.0 = Debug|Any CPU
		{DB6FD71B-BED3-42A3-A50A-7A82DB5ED09A}.Release|Any CPU.ActiveCfg = Release|Any CPU
		{DB6FD71B-BED3-42A3-A50A-7A82DB5ED09A}.Release|Any CPU.Build.0 = Release|Any CPU
		{1C31F7F5-F41C-4146-9F47-422C5AE1DC3A}.Debug|Any CPU.ActiveCfg = Debug|Any CPU
		{1C31F7F5-F41C-4146-9F47-422C5AE1DC3A}.Debug|Any CPU.Build.0 = Debug|Any CPU
		{1C31F7F5-F41C-4146-9F47-422C5AE1DC3A}.Release|Any CPU.ActiveCfg = Release|Any CPU
		{1C31F7F5-F41C-4146-9F47-422C5AE1DC3A}.Release|Any CPU.Build.0 = Release|Any CPU
		{8519679D-DE5E-406E-9FA6-9C08E2700C4E}.Debug|Any CPU.ActiveCfg = Debug|Any CPU
		{8519679D-DE5E-406E-9FA6-9C08E2700C4E}.Debug|Any CPU.Build.0 = Debug|Any CPU
		{8519679D-DE5E-406E-9FA6-9C08E2700C4E}.Release|Any CPU.ActiveCfg = Release|Any CPU
		{8519679D-DE5E-406E-9FA6-9C08E2700C4E}.Release|Any CPU.Build.0 = Release|Any CPU
		{4A5E07E7-0A87-404F-A9DF-D90DB75D5AB1}.Debug|Any CPU.ActiveCfg = Debug|Any CPU
		{4A5E07E7-0A87-404F-A9DF-D90DB75D5AB1}.Debug|Any CPU.Build.0 = Debug|Any CPU
		{4A5E07E7-0A87-404F-A9DF-D90DB75D5AB1}.Release|Any CPU.ActiveCfg = Release|Any CPU
		{4A5E07E7-0A87-404F-A9DF-D90DB75D5AB1}.Release|Any CPU.Build.0 = Release|Any CPU
		{44F8DFF9-B44F-4AAF-8CDC-8F34904BEABB}.Debug|Any CPU.ActiveCfg = Debug|Any CPU
		{44F8DFF9-B44F-4AAF-8CDC-8F34904BEABB}.Debug|Any CPU.Build.0 = Debug|Any CPU
		{44F8DFF9-B44F-4AAF-8CDC-8F34904BEABB}.Release|Any CPU.ActiveCfg = Release|Any CPU
		{44F8DFF9-B44F-4AAF-8CDC-8F34904BEABB}.Release|Any CPU.Build.0 = Release|Any CPU
		{EAB26D01-7CA1-4ADD-B9D4-E6D830AF2658}.Debug|Any CPU.ActiveCfg = Debug|Any CPU
		{EAB26D01-7CA1-4ADD-B9D4-E6D830AF2658}.Debug|Any CPU.Build.0 = Debug|Any CPU
		{EAB26D01-7CA1-4ADD-B9D4-E6D830AF2658}.Release|Any CPU.ActiveCfg = Release|Any CPU
		{EAB26D01-7CA1-4ADD-B9D4-E6D830AF2658}.Release|Any CPU.Build.0 = Release|Any CPU
		{E01B9528-81F9-4EDA-9CA6-B340F54CF882}.Debug|Any CPU.ActiveCfg = Debug|Any CPU
		{E01B9528-81F9-4EDA-9CA6-B340F54CF882}.Debug|Any CPU.Build.0 = Debug|Any CPU
		{E01B9528-81F9-4EDA-9CA6-B340F54CF882}.Release|Any CPU.ActiveCfg = Release|Any CPU
		{E01B9528-81F9-4EDA-9CA6-B340F54CF882}.Release|Any CPU.Build.0 = Release|Any CPU
		{BD8B3C95-6C79-4605-B74C-62BE936B3396}.Debug|Any CPU.ActiveCfg = Debug|Any CPU
		{BD8B3C95-6C79-4605-B74C-62BE936B3396}.Debug|Any CPU.Build.0 = Debug|Any CPU
		{BD8B3C95-6C79-4605-B74C-62BE936B3396}.Release|Any CPU.ActiveCfg = Release|Any CPU
		{BD8B3C95-6C79-4605-B74C-62BE936B3396}.Release|Any CPU.Build.0 = Release|Any CPU
		{EF500C8F-C657-41E7-BE83-30438E4EC88B}.Debug|Any CPU.ActiveCfg = Debug|Any CPU
		{EF500C8F-C657-41E7-BE83-30438E4EC88B}.Debug|Any CPU.Build.0 = Debug|Any CPU
		{EF500C8F-C657-41E7-BE83-30438E4EC88B}.Release|Any CPU.ActiveCfg = Release|Any CPU
		{EF500C8F-C657-41E7-BE83-30438E4EC88B}.Release|Any CPU.Build.0 = Release|Any CPU
		{E23B6722-8683-4FD0-AE6C-24D0AAF95F49}.Debug|Any CPU.ActiveCfg = Debug|Any CPU
		{E23B6722-8683-4FD0-AE6C-24D0AAF95F49}.Debug|Any CPU.Build.0 = Debug|Any CPU
		{E23B6722-8683-4FD0-AE6C-24D0AAF95F49}.Release|Any CPU.ActiveCfg = Release|Any CPU
		{E23B6722-8683-4FD0-AE6C-24D0AAF95F49}.Release|Any CPU.Build.0 = Release|Any CPU
		{F1D2EB80-1E19-4052-A25F-6086C10E7EED}.Debug|Any CPU.ActiveCfg = Debug|Any CPU
		{F1D2EB80-1E19-4052-A25F-6086C10E7EED}.Debug|Any CPU.Build.0 = Debug|Any CPU
		{F1D2EB80-1E19-4052-A25F-6086C10E7EED}.Release|Any CPU.ActiveCfg = Release|Any CPU
		{F1D2EB80-1E19-4052-A25F-6086C10E7EED}.Release|Any CPU.Build.0 = Release|Any CPU
		{51BA6381-C1F5-4B3A-AE4B-FA49D310887F}.Debug|Any CPU.ActiveCfg = Debug|Any CPU
		{51BA6381-C1F5-4B3A-AE4B-FA49D310887F}.Debug|Any CPU.Build.0 = Debug|Any CPU
		{51BA6381-C1F5-4B3A-AE4B-FA49D310887F}.Release|Any CPU.ActiveCfg = Release|Any CPU
		{51BA6381-C1F5-4B3A-AE4B-FA49D310887F}.Release|Any CPU.Build.0 = Release|Any CPU
		{D5ABBB2B-BD18-41E6-9E7A-7F92EA12932B}.Debug|Any CPU.ActiveCfg = Debug|Any CPU
		{D5ABBB2B-BD18-41E6-9E7A-7F92EA12932B}.Debug|Any CPU.Build.0 = Debug|Any CPU
		{D5ABBB2B-BD18-41E6-9E7A-7F92EA12932B}.Release|Any CPU.ActiveCfg = Release|Any CPU
		{D5ABBB2B-BD18-41E6-9E7A-7F92EA12932B}.Release|Any CPU.Build.0 = Release|Any CPU
		{888788F2-CE06-4D06-8E19-E007A9744B7A}.Debug|Any CPU.ActiveCfg = Debug|Any CPU
		{888788F2-CE06-4D06-8E19-E007A9744B7A}.Debug|Any CPU.Build.0 = Debug|Any CPU
		{888788F2-CE06-4D06-8E19-E007A9744B7A}.Release|Any CPU.ActiveCfg = Release|Any CPU
		{888788F2-CE06-4D06-8E19-E007A9744B7A}.Release|Any CPU.Build.0 = Release|Any CPU
		{6B8FF6F3-339A-4B67-94B1-126D3B033E3D}.Debug|Any CPU.ActiveCfg = Debug|Any CPU
		{6B8FF6F3-339A-4B67-94B1-126D3B033E3D}.Debug|Any CPU.Build.0 = Debug|Any CPU
		{6B8FF6F3-339A-4B67-94B1-126D3B033E3D}.Release|Any CPU.ActiveCfg = Release|Any CPU
		{6B8FF6F3-339A-4B67-94B1-126D3B033E3D}.Release|Any CPU.Build.0 = Release|Any CPU
		{F5FB3B97-60EA-4741-8062-B1B799697C62}.Debug|Any CPU.ActiveCfg = Debug|Any CPU
		{F5FB3B97-60EA-4741-8062-B1B799697C62}.Debug|Any CPU.Build.0 = Debug|Any CPU
		{F5FB3B97-60EA-4741-8062-B1B799697C62}.Release|Any CPU.ActiveCfg = Release|Any CPU
		{F5FB3B97-60EA-4741-8062-B1B799697C62}.Release|Any CPU.Build.0 = Release|Any CPU
		{B90A0EF8-54FB-4339-B3AB-310A40CE1D4D}.Debug|Any CPU.ActiveCfg = Debug|Any CPU
		{B90A0EF8-54FB-4339-B3AB-310A40CE1D4D}.Debug|Any CPU.Build.0 = Debug|Any CPU
		{B90A0EF8-54FB-4339-B3AB-310A40CE1D4D}.Release|Any CPU.ActiveCfg = Release|Any CPU
		{B90A0EF8-54FB-4339-B3AB-310A40CE1D4D}.Release|Any CPU.Build.0 = Release|Any CPU
		{D59D89E3-EB69-4734-B98B-3E9A74720455}.Debug|Any CPU.ActiveCfg = Debug|Any CPU
		{D59D89E3-EB69-4734-B98B-3E9A74720455}.Debug|Any CPU.Build.0 = Debug|Any CPU
		{D59D89E3-EB69-4734-B98B-3E9A74720455}.Release|Any CPU.ActiveCfg = Release|Any CPU
		{D59D89E3-EB69-4734-B98B-3E9A74720455}.Release|Any CPU.Build.0 = Release|Any CPU
		{B3FA73DE-0C9B-4A3E-900E-F50F6E15B9C0}.Debug|Any CPU.ActiveCfg = Debug|Any CPU
		{B3FA73DE-0C9B-4A3E-900E-F50F6E15B9C0}.Debug|Any CPU.Build.0 = Debug|Any CPU
		{B3FA73DE-0C9B-4A3E-900E-F50F6E15B9C0}.Release|Any CPU.ActiveCfg = Release|Any CPU
		{B3FA73DE-0C9B-4A3E-900E-F50F6E15B9C0}.Release|Any CPU.Build.0 = Release|Any CPU
		{8F049277-8541-4A1D-BBE7-99D106D8282C}.Debug|Any CPU.ActiveCfg = Debug|Any CPU
		{8F049277-8541-4A1D-BBE7-99D106D8282C}.Debug|Any CPU.Build.0 = Debug|Any CPU
		{8F049277-8541-4A1D-BBE7-99D106D8282C}.Release|Any CPU.ActiveCfg = Release|Any CPU
		{8F049277-8541-4A1D-BBE7-99D106D8282C}.Release|Any CPU.Build.0 = Release|Any CPU
		{9B187E3D-F501-45A6-93F7-F045C0773858}.Debug|Any CPU.ActiveCfg = Debug|Any CPU
		{9B187E3D-F501-45A6-93F7-F045C0773858}.Debug|Any CPU.Build.0 = Debug|Any CPU
		{9B187E3D-F501-45A6-93F7-F045C0773858}.Release|Any CPU.ActiveCfg = Release|Any CPU
		{9B187E3D-F501-45A6-93F7-F045C0773858}.Release|Any CPU.Build.0 = Release|Any CPU
		{470CEAE2-638B-4D8E-AA49-7CE7415B61B7}.Debug|Any CPU.ActiveCfg = Debug|Any CPU
		{470CEAE2-638B-4D8E-AA49-7CE7415B61B7}.Debug|Any CPU.Build.0 = Debug|Any CPU
		{470CEAE2-638B-4D8E-AA49-7CE7415B61B7}.Release|Any CPU.ActiveCfg = Release|Any CPU
		{470CEAE2-638B-4D8E-AA49-7CE7415B61B7}.Release|Any CPU.Build.0 = Release|Any CPU
		{2F2A7F50-2596-44D7-AC0B-512FB72925F4}.Debug|Any CPU.ActiveCfg = Debug|Any CPU
		{2F2A7F50-2596-44D7-AC0B-512FB72925F4}.Debug|Any CPU.Build.0 = Debug|Any CPU
		{2F2A7F50-2596-44D7-AC0B-512FB72925F4}.Release|Any CPU.ActiveCfg = Release|Any CPU
		{2F2A7F50-2596-44D7-AC0B-512FB72925F4}.Release|Any CPU.Build.0 = Release|Any CPU
		{0521E186-D12F-4C28-974F-F57C4A3E9D2F}.Debug|Any CPU.ActiveCfg = Debug|Any CPU
		{0521E186-D12F-4C28-974F-F57C4A3E9D2F}.Debug|Any CPU.Build.0 = Debug|Any CPU
		{0521E186-D12F-4C28-974F-F57C4A3E9D2F}.Release|Any CPU.ActiveCfg = Release|Any CPU
		{0521E186-D12F-4C28-974F-F57C4A3E9D2F}.Release|Any CPU.Build.0 = Release|Any CPU
		{47644895-AFBC-4099-ACDC-0BB9ADD98130}.Debug|Any CPU.ActiveCfg = Debug|Any CPU
		{47644895-AFBC-4099-ACDC-0BB9ADD98130}.Debug|Any CPU.Build.0 = Debug|Any CPU
		{47644895-AFBC-4099-ACDC-0BB9ADD98130}.Release|Any CPU.ActiveCfg = Release|Any CPU
		{47644895-AFBC-4099-ACDC-0BB9ADD98130}.Release|Any CPU.Build.0 = Release|Any CPU
		{705465EF-A36F-4DBB-81A2-2A417A673993}.Debug|Any CPU.ActiveCfg = Debug|Any CPU
		{705465EF-A36F-4DBB-81A2-2A417A673993}.Debug|Any CPU.Build.0 = Debug|Any CPU
		{705465EF-A36F-4DBB-81A2-2A417A673993}.Release|Any CPU.ActiveCfg = Release|Any CPU
		{705465EF-A36F-4DBB-81A2-2A417A673993}.Release|Any CPU.Build.0 = Release|Any CPU
		{0B29F54E-E1E2-4A20-9677-6FA944E6E68F}.Debug|Any CPU.ActiveCfg = Debug|Any CPU
		{0B29F54E-E1E2-4A20-9677-6FA944E6E68F}.Debug|Any CPU.Build.0 = Debug|Any CPU
		{0B29F54E-E1E2-4A20-9677-6FA944E6E68F}.Release|Any CPU.ActiveCfg = Release|Any CPU
		{0B29F54E-E1E2-4A20-9677-6FA944E6E68F}.Release|Any CPU.Build.0 = Release|Any CPU
		{F2B5A3B8-2792-48C2-AC72-2E3E6DBEB9D8}.Debug|Any CPU.ActiveCfg = Debug|Any CPU
		{F2B5A3B8-2792-48C2-AC72-2E3E6DBEB9D8}.Debug|Any CPU.Build.0 = Debug|Any CPU
		{F2B5A3B8-2792-48C2-AC72-2E3E6DBEB9D8}.Release|Any CPU.ActiveCfg = Release|Any CPU
		{F2B5A3B8-2792-48C2-AC72-2E3E6DBEB9D8}.Release|Any CPU.Build.0 = Release|Any CPU
		{7FFD955D-F6A9-4232-8092-A8CC50E671E2}.Debug|Any CPU.ActiveCfg = Debug|Any CPU
		{7FFD955D-F6A9-4232-8092-A8CC50E671E2}.Debug|Any CPU.Build.0 = Debug|Any CPU
		{7FFD955D-F6A9-4232-8092-A8CC50E671E2}.Release|Any CPU.ActiveCfg = Release|Any CPU
		{7FFD955D-F6A9-4232-8092-A8CC50E671E2}.Release|Any CPU.Build.0 = Release|Any CPU
		{A5C3BAF1-E6BB-4985-B893-A1B89EBC436F}.Debug|Any CPU.ActiveCfg = Debug|Any CPU
		{A5C3BAF1-E6BB-4985-B893-A1B89EBC436F}.Debug|Any CPU.Build.0 = Debug|Any CPU
		{A5C3BAF1-E6BB-4985-B893-A1B89EBC436F}.Release|Any CPU.ActiveCfg = Release|Any CPU
		{A5C3BAF1-E6BB-4985-B893-A1B89EBC436F}.Release|Any CPU.Build.0 = Release|Any CPU
		{DA05C942-6F5C-4648-B4F3-AD6CB7F908B5}.Debug|Any CPU.ActiveCfg = Debug|Any CPU
		{DA05C942-6F5C-4648-B4F3-AD6CB7F908B5}.Debug|Any CPU.Build.0 = Debug|Any CPU
		{DA05C942-6F5C-4648-B4F3-AD6CB7F908B5}.Release|Any CPU.ActiveCfg = Release|Any CPU
		{DA05C942-6F5C-4648-B4F3-AD6CB7F908B5}.Release|Any CPU.Build.0 = Release|Any CPU
		{B77699FC-53F8-4854-9D02-8CD4351C8730}.Debug|Any CPU.ActiveCfg = Debug|Any CPU
		{B77699FC-53F8-4854-9D02-8CD4351C8730}.Debug|Any CPU.Build.0 = Debug|Any CPU
		{B77699FC-53F8-4854-9D02-8CD4351C8730}.Release|Any CPU.ActiveCfg = Release|Any CPU
		{B77699FC-53F8-4854-9D02-8CD4351C8730}.Release|Any CPU.Build.0 = Release|Any CPU
		{7FA7AA68-467F-4F64-B79C-4D5A0E60D35B}.Debug|Any CPU.ActiveCfg = Debug|Any CPU
		{7FA7AA68-467F-4F64-B79C-4D5A0E60D35B}.Debug|Any CPU.Build.0 = Debug|Any CPU
		{7FA7AA68-467F-4F64-B79C-4D5A0E60D35B}.Release|Any CPU.ActiveCfg = Release|Any CPU
		{7FA7AA68-467F-4F64-B79C-4D5A0E60D35B}.Release|Any CPU.Build.0 = Release|Any CPU
		{F5A87368-DD45-4087-A461-1EE84E96BF45}.Debug|Any CPU.ActiveCfg = Debug|Any CPU
		{F5A87368-DD45-4087-A461-1EE84E96BF45}.Debug|Any CPU.Build.0 = Debug|Any CPU
		{F5A87368-DD45-4087-A461-1EE84E96BF45}.Release|Any CPU.ActiveCfg = Release|Any CPU
		{F5A87368-DD45-4087-A461-1EE84E96BF45}.Release|Any CPU.Build.0 = Release|Any CPU
		{53C44B57-3292-4272-8ECC-F8502FBE487B}.Debug|Any CPU.ActiveCfg = Debug|Any CPU
		{53C44B57-3292-4272-8ECC-F8502FBE487B}.Debug|Any CPU.Build.0 = Debug|Any CPU
		{53C44B57-3292-4272-8ECC-F8502FBE487B}.Release|Any CPU.ActiveCfg = Release|Any CPU
		{53C44B57-3292-4272-8ECC-F8502FBE487B}.Release|Any CPU.Build.0 = Release|Any CPU
		{4F0ACCF0-AA69-44B7-B715-BCE766406775}.Debug|Any CPU.ActiveCfg = Debug|Any CPU
		{4F0ACCF0-AA69-44B7-B715-BCE766406775}.Debug|Any CPU.Build.0 = Debug|Any CPU
		{4F0ACCF0-AA69-44B7-B715-BCE766406775}.Release|Any CPU.ActiveCfg = Release|Any CPU
		{4F0ACCF0-AA69-44B7-B715-BCE766406775}.Release|Any CPU.Build.0 = Release|Any CPU
		{A30FB48C-3D2D-4612-B154-A7A9F66F70FE}.Debug|Any CPU.ActiveCfg = Debug|Any CPU
		{A30FB48C-3D2D-4612-B154-A7A9F66F70FE}.Debug|Any CPU.Build.0 = Debug|Any CPU
		{A30FB48C-3D2D-4612-B154-A7A9F66F70FE}.Release|Any CPU.ActiveCfg = Release|Any CPU
		{A30FB48C-3D2D-4612-B154-A7A9F66F70FE}.Release|Any CPU.Build.0 = Release|Any CPU
		{FC33973E-10AB-4B60-955C-8CA49915ADB8}.Debug|Any CPU.ActiveCfg = Debug|Any CPU
		{FC33973E-10AB-4B60-955C-8CA49915ADB8}.Debug|Any CPU.Build.0 = Debug|Any CPU
		{FC33973E-10AB-4B60-955C-8CA49915ADB8}.Release|Any CPU.ActiveCfg = Release|Any CPU
		{FC33973E-10AB-4B60-955C-8CA49915ADB8}.Release|Any CPU.Build.0 = Release|Any CPU
		{6A2A58BA-86A4-4F29-B13A-5BFF2982FE2D}.Debug|Any CPU.ActiveCfg = Debug|Any CPU
		{6A2A58BA-86A4-4F29-B13A-5BFF2982FE2D}.Debug|Any CPU.Build.0 = Debug|Any CPU
		{6A2A58BA-86A4-4F29-B13A-5BFF2982FE2D}.Release|Any CPU.ActiveCfg = Release|Any CPU
		{6A2A58BA-86A4-4F29-B13A-5BFF2982FE2D}.Release|Any CPU.Build.0 = Release|Any CPU
		{E1F2DF20-709E-401A-86CC-D3D36DDEAC66}.Debug|Any CPU.ActiveCfg = Debug|Any CPU
		{E1F2DF20-709E-401A-86CC-D3D36DDEAC66}.Debug|Any CPU.Build.0 = Debug|Any CPU
		{E1F2DF20-709E-401A-86CC-D3D36DDEAC66}.Release|Any CPU.ActiveCfg = Release|Any CPU
		{E1F2DF20-709E-401A-86CC-D3D36DDEAC66}.Release|Any CPU.Build.0 = Release|Any CPU
	EndGlobalSection
	GlobalSection(SolutionProperties) = preSolution
		HideSolutionNode = FALSE
	EndGlobalSection
	GlobalSection(NestedProjects) = preSolution
		{C85B48D6-3EAF-401C-8B82-EF1A9A0E2585} = {683E42AD-7E8F-4212-B06E-40BB49F24B75}
		{1117CFB0-BE90-411B-91C5-212CD1D6226A} = {D7C4FF0E-CB83-47C2-944F-0C68CF6C1BB2}
		{4B8821A1-229B-4AC4-B89C-F9AE14998C75} = {D7C4FF0E-CB83-47C2-944F-0C68CF6C1BB2}
		{A6C65A4F-5029-486D-B153-8B6E4D4A25C9} = {D7C4FF0E-CB83-47C2-944F-0C68CF6C1BB2}
		{18960EB8-DBD6-4F5E-96C1-9C7F27E3AE58} = {D7C4FF0E-CB83-47C2-944F-0C68CF6C1BB2}
		{413E4990-F2AA-45E0-B254-86D0831168ED} = {D7C4FF0E-CB83-47C2-944F-0C68CF6C1BB2}
		{A0E71611-D7EA-4FA7-BCC5-FAB6C2C163F4} = {D7C4FF0E-CB83-47C2-944F-0C68CF6C1BB2}
		{F3FF082B-698B-4665-9B22-54EC0FA2D100} = {D7C4FF0E-CB83-47C2-944F-0C68CF6C1BB2}
		{683E42AD-7E8F-4212-B06E-40BB49F24B75} = {A0E71611-D7EA-4FA7-BCC5-FAB6C2C163F4}
		{0FF3284E-28F9-4123-92E6-0D0C8CA00D9E} = {A0E71611-D7EA-4FA7-BCC5-FAB6C2C163F4}
		{1ED8F5C2-C618-4D01-BFF6-0A0A5151897F} = {A0E71611-D7EA-4FA7-BCC5-FAB6C2C163F4}
		{9A3F9CB5-BC77-46F7-992F-1D8A3789294A} = {0E32CC65-54E6-4E08-B434-D5E85D2021B7}
		{5465FD1B-7E06-453A-91F6-94EAD8E68BF0} = {0E32CC65-54E6-4E08-B434-D5E85D2021B7}
		{D3273378-3CB7-410A-B82B-A5011374B6C6} = {0E32CC65-54E6-4E08-B434-D5E85D2021B7}
		{70A9926F-5783-461A-AA2F-C3F3443310AD} = {0E32CC65-54E6-4E08-B434-D5E85D2021B7}
		{5E8D66A0-7068-468F-A088-659079EEAFD2} = {70A9926F-5783-461A-AA2F-C3F3443310AD}
		{4C1669FB-B1A0-4912-95A7-2F00A64A8285} = {5E8D66A0-7068-468F-A088-659079EEAFD2}
		{CB2A6632-DF91-4B7D-A8E1-90BF10CB985B} = {5E8D66A0-7068-468F-A088-659079EEAFD2}
		{24E96AE5-5E19-4910-8A6D-121FB2B75F7A} = {5E8D66A0-7068-468F-A088-659079EEAFD2}
		{03C5A2CA-22DE-4F79-AC42-F6DD2D1FA948} = {5E8D66A0-7068-468F-A088-659079EEAFD2}
		{E5462DF1-5266-417B-908D-D1CD0B8856E3} = {5E8D66A0-7068-468F-A088-659079EEAFD2}
		{35FCFD68-C72B-4E0C-8BFB-016083266C1A} = {5E8D66A0-7068-468F-A088-659079EEAFD2}
		{F9E4AC4F-475C-43DC-AF47-4DD5023A994C} = {5E8D66A0-7068-468F-A088-659079EEAFD2}
		{A948B195-C30D-4DDD-84C3-415F7162E4A2} = {5E8D66A0-7068-468F-A088-659079EEAFD2}
		{F0B254BB-E9D4-43AF-AC07-B1538CD56613} = {5E8D66A0-7068-468F-A088-659079EEAFD2}
		{3A5B3733-FD0D-4A37-9543-735B036984C0} = {5E8D66A0-7068-468F-A088-659079EEAFD2}
		{E8517A78-8C0A-4888-B6AC-8ABAD398B6FB} = {5E8D66A0-7068-468F-A088-659079EEAFD2}
		{80B7AF65-708B-4102-BAB3-5E4652D13D9E} = {70A9926F-5783-461A-AA2F-C3F3443310AD}
		{EBA19E9E-2007-47BC-B04C-A60DB140F168} = {70A9926F-5783-461A-AA2F-C3F3443310AD}
		{D44C74CE-A2A4-4BF3-B75C-BBB2357D9806} = {D3273378-3CB7-410A-B82B-A5011374B6C6}
		{7AEB55AB-2D7A-4E2A-94D5-FC554651CBFC} = {D3273378-3CB7-410A-B82B-A5011374B6C6}
		{FBC5FB18-4D26-451C-81A4-F20A92684236} = {D3273378-3CB7-410A-B82B-A5011374B6C6}
		{1ABA859E-9EED-45C1-B2F0-F83102AEFB4C} = {5465FD1B-7E06-453A-91F6-94EAD8E68BF0}
		{B67F7AD5-5324-40D0-9CC7-FAB310D456FB} = {5465FD1B-7E06-453A-91F6-94EAD8E68BF0}
		{846DED2A-77D8-48F1-BA21-1801A25EA345} = {5465FD1B-7E06-453A-91F6-94EAD8E68BF0}
		{133EE446-DB36-4CAB-A7C9-8122D196CF09} = {9A3F9CB5-BC77-46F7-992F-1D8A3789294A}
		{135E8C19-EF78-454E-9D92-94BBC93994DF} = {9A3F9CB5-BC77-46F7-992F-1D8A3789294A}
		{A27EC3B3-BF55-4612-B293-F96BBD2C3610} = {9A3F9CB5-BC77-46F7-992F-1D8A3789294A}
		{529DAB61-C9DF-4A4A-BF9B-C47C207C74DA} = {1117CFB0-BE90-411B-91C5-212CD1D6226A}
		{4EACA324-0140-4BF5-A556-C9A65030E4C8} = {18960EB8-DBD6-4F5E-96C1-9C7F27E3AE58}
		{57BBEC33-2A19-4223-81E2-802D29881A12} = {4B8821A1-229B-4AC4-B89C-F9AE14998C75}
		{43AA63F0-E2C5-4C4D-8245-537FEB698DC5} = {413E4990-F2AA-45E0-B254-86D0831168ED}
		{2890ADAF-D421-4724-BB73-F1BA6B1E25E8} = {A6C65A4F-5029-486D-B153-8B6E4D4A25C9}
		{09866A31-147F-49C0-ACB0-1EA228933BC9} = {1117CFB0-BE90-411B-91C5-212CD1D6226A}
		{FD2F53F7-CB4A-47E3-B958-E1D9E80E88FF} = {18960EB8-DBD6-4F5E-96C1-9C7F27E3AE58}
		{C678D7FE-8D21-476E-B02B-D014A712E994} = {4B8821A1-229B-4AC4-B89C-F9AE14998C75}
		{CD197272-9193-4B4B-8344-2F4DD218667B} = {413E4990-F2AA-45E0-B254-86D0831168ED}
		{15F6C804-A7E9-4B0B-973C-AD80F2E07ABD} = {A6C65A4F-5029-486D-B153-8B6E4D4A25C9}
		{4893DE5C-453B-4D6C-BBD0-57CEA7EEB33D} = {1117CFB0-BE90-411B-91C5-212CD1D6226A}
		{0BBCE608-6366-4059-BC37-D555ACB34F90} = {18960EB8-DBD6-4F5E-96C1-9C7F27E3AE58}
		{54CCCDFB-39D1-4520-B02E-638BF63E1DD5} = {4B8821A1-229B-4AC4-B89C-F9AE14998C75}
		{B6ADC22D-9AC3-4A44-8B56-7566C51281B6} = {413E4990-F2AA-45E0-B254-86D0831168ED}
		{0F243FBC-3C73-483A-8B7B-4A1BB413070E} = {A6C65A4F-5029-486D-B153-8B6E4D4A25C9}
		{8F4F5D7C-F22B-4D6A-A33E-5B8990CD3348} = {135E8C19-EF78-454E-9D92-94BBC93994DF}
		{5B3E835F-F497-4944-B9F3-D38C05AD9D28} = {135E8C19-EF78-454E-9D92-94BBC93994DF}
		{94843E3B-3069-4CD8-B4D5-6C6A286D7ED4} = {135E8C19-EF78-454E-9D92-94BBC93994DF}
		{91A3DEEB-63A1-4D80-9DBD-72263CB8A8D0} = {135E8C19-EF78-454E-9D92-94BBC93994DF}
		{E684773F-9932-40ED-BF3B-CF952759EC78} = {135E8C19-EF78-454E-9D92-94BBC93994DF}
		{556745A1-D35E-45D8-A85B-501C7BD0206F} = {135E8C19-EF78-454E-9D92-94BBC93994DF}
		{03E387C5-E3E4-4F84-AE98-8E870035DBAE} = {135E8C19-EF78-454E-9D92-94BBC93994DF}
		{179AFE4F-C783-482A-A6F4-6E3F1ED88204} = {135E8C19-EF78-454E-9D92-94BBC93994DF}
		{4AA9FE5B-28AA-446B-A82A-D5B04E886017} = {133EE446-DB36-4CAB-A7C9-8122D196CF09}
		{D4601201-CCD6-468E-B901-EC3E7603A011} = {133EE446-DB36-4CAB-A7C9-8122D196CF09}
		{29F85A8B-1006-4916-80CD-8091AAA8A9B0} = {133EE446-DB36-4CAB-A7C9-8122D196CF09}
		{8FE8E977-B951-4F2A-99F2-C33284F6F23F} = {133EE446-DB36-4CAB-A7C9-8122D196CF09}
		{F85F34B6-2B40-4672-BA12-FE214666E558} = {133EE446-DB36-4CAB-A7C9-8122D196CF09}
		{AAE00A66-4F90-43FF-8DFB-E452473D670B} = {133EE446-DB36-4CAB-A7C9-8122D196CF09}
		{E8482FF0-2D27-4D77-949E-6CC1C7BD57DC} = {133EE446-DB36-4CAB-A7C9-8122D196CF09}
		{5A4DED51-8F95-4887-8C80-F42AE57EB2DD} = {133EE446-DB36-4CAB-A7C9-8122D196CF09}
		{F8756CA5-3905-4BF9-BFF9-8618D10958DE} = {133EE446-DB36-4CAB-A7C9-8122D196CF09}
		{642642A0-E619-4BC3-8B3F-41737CB3C957} = {133EE446-DB36-4CAB-A7C9-8122D196CF09}
		{2CAF4E3A-9694-446D-B635-A52067EC4057} = {A27EC3B3-BF55-4612-B293-F96BBD2C3610}
		{B988F748-EE42-4B26-88BA-FE159D7DE663} = {A27EC3B3-BF55-4612-B293-F96BBD2C3610}
		{DE141AA6-2D3E-4E40-AB6F-C1E38B55EAEE} = {A27EC3B3-BF55-4612-B293-F96BBD2C3610}
		{19D6FA96-07B3-4955-B68C-078D5029F34B} = {A27EC3B3-BF55-4612-B293-F96BBD2C3610}
		{649C2AC7-69D3-4AA3-8992-288BAF62FDA4} = {A27EC3B3-BF55-4612-B293-F96BBD2C3610}
		{1B293653-E84B-42DB-B3C1-B69CF1B747CC} = {846DED2A-77D8-48F1-BA21-1801A25EA345}
		{00CCE14D-D1F5-4DD0-BBB1-A671A7D96E9A} = {846DED2A-77D8-48F1-BA21-1801A25EA345}
		{029129FD-27D8-4E0A-9432-A8B0BD8BCAF5} = {846DED2A-77D8-48F1-BA21-1801A25EA345}
		{0F4D7345-36C4-490A-99C9-1EC7C8DA2F5A} = {846DED2A-77D8-48F1-BA21-1801A25EA345}
		{C260C7FE-8E9E-457E-8C3A-49F88884014F} = {846DED2A-77D8-48F1-BA21-1801A25EA345}
		{C9136ECC-07E1-4211-8DFE-B72FDF757FA7} = {846DED2A-77D8-48F1-BA21-1801A25EA345}
		{9F3F6453-10C1-4FF5-82BC-37110AE5BE25} = {846DED2A-77D8-48F1-BA21-1801A25EA345}
		{757F1446-C455-4A21-B8EC-8B82E76E6586} = {846DED2A-77D8-48F1-BA21-1801A25EA345}
		{0A267F10-B8F8-4315-8DD2-7C3277F753C2} = {846DED2A-77D8-48F1-BA21-1801A25EA345}
		{7E2BF372-E1DC-45AA-9905-FF2F0BCD456C} = {846DED2A-77D8-48F1-BA21-1801A25EA345}
		{2B2F86C3-7089-4E75-A368-7F4957123C6B} = {846DED2A-77D8-48F1-BA21-1801A25EA345}
		{994E6022-889C-4856-8B4C-FDF537DC8612} = {1ABA859E-9EED-45C1-B2F0-F83102AEFB4C}
		{79890B7C-1E63-4A26-967F-073E99ECDB0F} = {1ABA859E-9EED-45C1-B2F0-F83102AEFB4C}
		{37543321-980E-43C1-8DEF-4E40FD5E6559} = {1ABA859E-9EED-45C1-B2F0-F83102AEFB4C}
		{2B19E9AF-13C9-4011-A36C-16B5014B5528} = {1ABA859E-9EED-45C1-B2F0-F83102AEFB4C}
		{7B334D46-B59A-45AB-89C6-2A41491ECE28} = {1ABA859E-9EED-45C1-B2F0-F83102AEFB4C}
		{E00DBB91-649F-48BF-8692-A9FC0D3DC3A7} = {B67F7AD5-5324-40D0-9CC7-FAB310D456FB}
		{BD0D02D8-4400-4CB8-B7A2-CD195A51FCBF} = {B67F7AD5-5324-40D0-9CC7-FAB310D456FB}
		{658058F9-03AA-46AA-B351-9169EB5A13B4} = {B67F7AD5-5324-40D0-9CC7-FAB310D456FB}
		{546287BC-831A-478C-84C5-4250395D2C58} = {B67F7AD5-5324-40D0-9CC7-FAB310D456FB}
		{EA1EDF2B-6CA6-4687-A0B3-0EFD326C59EA} = {B67F7AD5-5324-40D0-9CC7-FAB310D456FB}
		{37F4E867-04C5-4B6C-9726-5243DD6DC36E} = {B67F7AD5-5324-40D0-9CC7-FAB310D456FB}
		{CF57B2EC-BF8D-402D-A084-D0F9BA14E4A5} = {B67F7AD5-5324-40D0-9CC7-FAB310D456FB}
		{B721F11E-ECFD-40CE-A8E7-CE8F60BDB13D} = {B67F7AD5-5324-40D0-9CC7-FAB310D456FB}
		{647E112E-362C-44A9-9A95-D04A8EAB8455} = {B67F7AD5-5324-40D0-9CC7-FAB310D456FB}
		{8DDEFCA8-898E-46CE-AC0D-D76D906E5D35} = {B67F7AD5-5324-40D0-9CC7-FAB310D456FB}
		{F120DC09-C9D0-4E5D-A882-23DFC53A15E5} = {B67F7AD5-5324-40D0-9CC7-FAB310D456FB}
		{4739B035-1262-4A52-A486-43DD92039017} = {B67F7AD5-5324-40D0-9CC7-FAB310D456FB}
		{04C95A66-F873-4444-BA5D-F682352B79BB} = {B67F7AD5-5324-40D0-9CC7-FAB310D456FB}
		{4A2AC8C1-F212-4870-855C-FCF5BF349090} = {EBA19E9E-2007-47BC-B04C-A60DB140F168}
		{197324C1-A156-4E69-B797-8FED8BABBB62} = {EBA19E9E-2007-47BC-B04C-A60DB140F168}
		{BE97AC16-73F4-4E37-BA16-9CC1BF89A075} = {EBA19E9E-2007-47BC-B04C-A60DB140F168}
		{04BD5A90-93FF-451E-8AAC-5106DCB1FA25} = {EBA19E9E-2007-47BC-B04C-A60DB140F168}
		{F22068E6-4988-4381-94E7-6DCAB3FF3B24} = {EBA19E9E-2007-47BC-B04C-A60DB140F168}
		{DB6FD71B-BED3-42A3-A50A-7A82DB5ED09A} = {80B7AF65-708B-4102-BAB3-5E4652D13D9E}
		{1C31F7F5-F41C-4146-9F47-422C5AE1DC3A} = {80B7AF65-708B-4102-BAB3-5E4652D13D9E}
		{8519679D-DE5E-406E-9FA6-9C08E2700C4E} = {80B7AF65-708B-4102-BAB3-5E4652D13D9E}
		{4A5E07E7-0A87-404F-A9DF-D90DB75D5AB1} = {80B7AF65-708B-4102-BAB3-5E4652D13D9E}
		{44F8DFF9-B44F-4AAF-8CDC-8F34904BEABB} = {80B7AF65-708B-4102-BAB3-5E4652D13D9E}
		{EAB26D01-7CA1-4ADD-B9D4-E6D830AF2658} = {80B7AF65-708B-4102-BAB3-5E4652D13D9E}
		{E01B9528-81F9-4EDA-9CA6-B340F54CF882} = {80B7AF65-708B-4102-BAB3-5E4652D13D9E}
		{BD8B3C95-6C79-4605-B74C-62BE936B3396} = {80B7AF65-708B-4102-BAB3-5E4652D13D9E}
		{EF500C8F-C657-41E7-BE83-30438E4EC88B} = {80B7AF65-708B-4102-BAB3-5E4652D13D9E}
		{E23B6722-8683-4FD0-AE6C-24D0AAF95F49} = {80B7AF65-708B-4102-BAB3-5E4652D13D9E}
		{F1D2EB80-1E19-4052-A25F-6086C10E7EED} = {80B7AF65-708B-4102-BAB3-5E4652D13D9E}
		{51BA6381-C1F5-4B3A-AE4B-FA49D310887F} = {FBC5FB18-4D26-451C-81A4-F20A92684236}
		{D5ABBB2B-BD18-41E6-9E7A-7F92EA12932B} = {FBC5FB18-4D26-451C-81A4-F20A92684236}
		{888788F2-CE06-4D06-8E19-E007A9744B7A} = {FBC5FB18-4D26-451C-81A4-F20A92684236}
		{6B8FF6F3-339A-4B67-94B1-126D3B033E3D} = {FBC5FB18-4D26-451C-81A4-F20A92684236}
		{F5FB3B97-60EA-4741-8062-B1B799697C62} = {FBC5FB18-4D26-451C-81A4-F20A92684236}
		{B90A0EF8-54FB-4339-B3AB-310A40CE1D4D} = {FBC5FB18-4D26-451C-81A4-F20A92684236}
		{D59D89E3-EB69-4734-B98B-3E9A74720455} = {FBC5FB18-4D26-451C-81A4-F20A92684236}
		{B3FA73DE-0C9B-4A3E-900E-F50F6E15B9C0} = {FBC5FB18-4D26-451C-81A4-F20A92684236}
		{8F049277-8541-4A1D-BBE7-99D106D8282C} = {FBC5FB18-4D26-451C-81A4-F20A92684236}
		{9B187E3D-F501-45A6-93F7-F045C0773858} = {FBC5FB18-4D26-451C-81A4-F20A92684236}
		{470CEAE2-638B-4D8E-AA49-7CE7415B61B7} = {FBC5FB18-4D26-451C-81A4-F20A92684236}
		{2F2A7F50-2596-44D7-AC0B-512FB72925F4} = {FBC5FB18-4D26-451C-81A4-F20A92684236}
		{0521E186-D12F-4C28-974F-F57C4A3E9D2F} = {D44C74CE-A2A4-4BF3-B75C-BBB2357D9806}
		{47644895-AFBC-4099-ACDC-0BB9ADD98130} = {D44C74CE-A2A4-4BF3-B75C-BBB2357D9806}
		{705465EF-A36F-4DBB-81A2-2A417A673993} = {D44C74CE-A2A4-4BF3-B75C-BBB2357D9806}
		{0B29F54E-E1E2-4A20-9677-6FA944E6E68F} = {D44C74CE-A2A4-4BF3-B75C-BBB2357D9806}
		{F2B5A3B8-2792-48C2-AC72-2E3E6DBEB9D8} = {D44C74CE-A2A4-4BF3-B75C-BBB2357D9806}
		{7FFD955D-F6A9-4232-8092-A8CC50E671E2} = {D44C74CE-A2A4-4BF3-B75C-BBB2357D9806}
		{A5C3BAF1-E6BB-4985-B893-A1B89EBC436F} = {7AEB55AB-2D7A-4E2A-94D5-FC554651CBFC}
		{DA05C942-6F5C-4648-B4F3-AD6CB7F908B5} = {7AEB55AB-2D7A-4E2A-94D5-FC554651CBFC}
		{B77699FC-53F8-4854-9D02-8CD4351C8730} = {7AEB55AB-2D7A-4E2A-94D5-FC554651CBFC}
		{7FA7AA68-467F-4F64-B79C-4D5A0E60D35B} = {7AEB55AB-2D7A-4E2A-94D5-FC554651CBFC}
		{F5A87368-DD45-4087-A461-1EE84E96BF45} = {7AEB55AB-2D7A-4E2A-94D5-FC554651CBFC}
		{53C44B57-3292-4272-8ECC-F8502FBE487B} = {7AEB55AB-2D7A-4E2A-94D5-FC554651CBFC}
		{4F0ACCF0-AA69-44B7-B715-BCE766406775} = {7AEB55AB-2D7A-4E2A-94D5-FC554651CBFC}
		{A30FB48C-3D2D-4612-B154-A7A9F66F70FE} = {7AEB55AB-2D7A-4E2A-94D5-FC554651CBFC}
		{FC33973E-10AB-4B60-955C-8CA49915ADB8} = {7AEB55AB-2D7A-4E2A-94D5-FC554651CBFC}
		{6A2A58BA-86A4-4F29-B13A-5BFF2982FE2D} = {7AEB55AB-2D7A-4E2A-94D5-FC554651CBFC}
		{E1F2DF20-709E-401A-86CC-D3D36DDEAC66} = {7AEB55AB-2D7A-4E2A-94D5-FC554651CBFC}
	EndGlobalSection
	GlobalSection(ExtensibilityGlobals) = postSolution
		SolutionGuid = {D3A075EF-5EE9-4D42-88C8-AD9FA38738EF}
	EndGlobalSection
EndGlobal
